
Microsoft Visual Studio Solution File, Format Version 12.00
# Visual Studio Version 17
VisualStudioVersion = 17.10.34916.146
MinimumVisualStudioVersion = 10.0.40219.1
Project("{2150E333-8FDC-42A3-9474-1A3956D46DE8}") = "Урок_14", "Урок_14", "{48756675-A7B9-40BF-9559-0B8F8AD66A00}"
EndProject
Project("{2150E333-8FDC-42A3-9474-1A3956D46DE8}") = "Урок_15", "Урок_15", "{83BDD5DE-8D5D-41EF-8EA3-D53B66D381D3}"
EndProject
Project("{2150E333-8FDC-42A3-9474-1A3956D46DE8}") = "Дз", "Дз", "{910C4829-62CE-4F98-B13F-274223D5FCA8}"
EndProject
Project("{2150E333-8FDC-42A3-9474-1A3956D46DE8}") = "Ср", "Ср", "{B95547EE-C902-4534-9E80-5A2F952396D5}"
EndProject
Project("{2150E333-8FDC-42A3-9474-1A3956D46DE8}") = "Дз", "Дз", "{9B8ECA0A-2183-437A-B52F-D7C1F2EF2FDC}"
EndProject
Project("{2150E333-8FDC-42A3-9474-1A3956D46DE8}") = "Ср", "Ср", "{6D23E107-803B-47D3-880F-76723F293BA6}"
EndProject
Project("{8BC9CEB8-8B4A-11D0-8D11-00A0C91BC942}") = "Task_1", "Урок_14\Дз\Task_1\Task_1.vcxproj", "{060415DB-0374-498A-996A-AA5031A312F4}"
EndProject
Project("{8BC9CEB8-8B4A-11D0-8D11-00A0C91BC942}") = "Task_2", "Урок_14\Дз\Task_2\Task_2.vcxproj", "{0DB46DC3-CA72-4465-A234-3925C676DD4E}"
EndProject
Project("{2150E333-8FDC-42A3-9474-1A3956D46DE8}") = "Старые_проекты", "Старые_проекты", "{7F827DAD-ACA3-4563-8CD7-3C7776624282}"
EndProject
Project("{2150E333-8FDC-42A3-9474-1A3956D46DE8}") = "Неделя_4", "Неделя_4", "{788DD554-9873-4C75-897B-4679A54E026E}"
EndProject
Project("{8BC9CEB8-8B4A-11D0-8D11-00A0C91BC942}") = "Task_1", "Старые_проекты\Неделя_4\Task_1\Task_1.vcxproj", "{8312D807-756C-448F-B30B-A872C9DFC9CD}"
EndProject
Project("{8BC9CEB8-8B4A-11D0-8D11-00A0C91BC942}") = "Task_2", "Старые_проекты\Неделя_4\Task_2\Task_2.vcxproj", "{C23AD02C-8904-480F-9F2E-EE65B2800026}"
EndProject
Project("{2150E333-8FDC-42A3-9474-1A3956D46DE8}") = "Неделя_6_1", "Неделя_6_1", "{C9388F34-FACC-4524-98DB-4A7EBFDD3EB2}"
EndProject
Project("{8BC9CEB8-8B4A-11D0-8D11-00A0C91BC942}") = "Task_1", "Старые_проекты\Неделя_6_1\Task_1\Task_1.vcxproj", "{4D79CCD7-C3F2-4334-B91D-58D4E4658B58}"
EndProject
Project("{8BC9CEB8-8B4A-11D0-8D11-00A0C91BC942}") = "Task_2", "Старые_проекты\Неделя_6_1\Task_2\Task_2.vcxproj", "{A1C93D6A-75EF-4703-ACAD-E88613FE60CE}"
EndProject
Project("{8BC9CEB8-8B4A-11D0-8D11-00A0C91BC942}") = "Task_3", "Старые_проекты\Неделя_6_1\Task_3\Task_3.vcxproj", "{D9E0D68C-5E12-4062-BF01-1CE733EC618A}"
EndProject
Project("{8BC9CEB8-8B4A-11D0-8D11-00A0C91BC942}") = "Task_4", "Старые_проекты\Неделя_6_1\Task_4\Task_4.vcxproj", "{B656419E-E744-4F09-8F88-7A99DE7A776A}"
EndProject
Project("{8BC9CEB8-8B4A-11D0-8D11-00A0C91BC942}") = "Task_5", "Старые_проекты\Неделя_6_1\Task_5\Task_5.vcxproj", "{CAD67B69-133C-453E-9CCA-02FE352098C7}"
EndProject
Project("{2150E333-8FDC-42A3-9474-1A3956D46DE8}") = "Неделя_6_2", "Неделя_6_2", "{B6A35C21-CA6C-444D-A813-CBED6F7D64BE}"
EndProject
Project("{8BC9CEB8-8B4A-11D0-8D11-00A0C91BC942}") = "Task_1", "Старые_проекты\Неделя_6_2\Task_1\Task_1.vcxproj", "{72A02BEF-BB41-4008-A92A-B93AADAC311A}"
EndProject
Project("{8BC9CEB8-8B4A-11D0-8D11-00A0C91BC942}") = "Task_2", "Старые_проекты\Неделя_6_2\Task_2\Task_2.vcxproj", "{03E9C64B-D7BB-40F9-8552-55FCD86FC4AB}"
EndProject
Project("{8BC9CEB8-8B4A-11D0-8D11-00A0C91BC942}") = "Task_3", "Старые_проекты\Неделя_6_2\Task_3\Task_3.vcxproj", "{896E8264-72F7-4A06-A1A7-5653C2EE8BCC}"
EndProject
Project("{8BC9CEB8-8B4A-11D0-8D11-00A0C91BC942}") = "Task_4", "Старые_проекты\Неделя_6_2\Task_4\Task_4.vcxproj", "{90A9F2BB-1A31-42E3-8D5E-9EFDC069284A}"
EndProject
Project("{8BC9CEB8-8B4A-11D0-8D11-00A0C91BC942}") = "Task_5", "Старые_проекты\Неделя_6_2\Task_5\Task_5.vcxproj", "{AA04F8DF-D161-42F2-A8F5-784EF4A06F2E}"
EndProject
Project("{8BC9CEB8-8B4A-11D0-8D11-00A0C91BC942}") = "Task_6", "Старые_проекты\Неделя_6_2\Task_6\Task_6.vcxproj", "{4386C35D-9614-4D5B-8AE7-2F4DE027586B}"
EndProject
Project("{8BC9CEB8-8B4A-11D0-8D11-00A0C91BC942}") = "Task_7", "Старые_проекты\Неделя_6_2\Task_7\Task_7.vcxproj", "{8889C275-5D03-4490-919B-6FB2F698EE4B}"
EndProject
Project("{2150E333-8FDC-42A3-9474-1A3956D46DE8}") = "Неделя_8", "Неделя_8", "{4673BABE-DAC2-4922-AD1C-74A8D5B5373D}"
EndProject
Project("{8BC9CEB8-8B4A-11D0-8D11-00A0C91BC942}") = "Task_1", "Старые_проекты\Неделя_8\Task_1\Task_1.vcxproj", "{0E45C9B7-FAC6-4AC0-8CA5-C66DA2478E4C}"
EndProject
Project("{8BC9CEB8-8B4A-11D0-8D11-00A0C91BC942}") = "Task_2", "Старые_проекты\Неделя_8\Task_2\Task_2.vcxproj", "{968C2985-BD87-47CE-B5F9-377EFD940950}"
EndProject
Project("{8BC9CEB8-8B4A-11D0-8D11-00A0C91BC942}") = "Task_3", "Старые_проекты\Неделя_8\Task_3\Task_3.vcxproj", "{02BA13E4-FB12-4B28-B69A-70A9843B97B5}"
EndProject
Project("{8BC9CEB8-8B4A-11D0-8D11-00A0C91BC942}") = "Task_4", "Старые_проекты\Неделя_8\Task_4\Task_4.vcxproj", "{1254CFF5-9A41-450A-ACA1-A3FA9CEEA357}"
EndProject
Project("{8BC9CEB8-8B4A-11D0-8D11-00A0C91BC942}") = "Task_3", "Урок_14\Дз\Task_3\Task_3.vcxproj", "{45626C97-6B33-4A3F-8CBB-3A9333270BA9}"
EndProject
Project("{8BC9CEB8-8B4A-11D0-8D11-00A0C91BC942}") = "Task_4", "Урок_14\Дз\Task_4\Task_4.vcxproj", "{3330DD21-C9B1-49DE-BE8C-BBD6DB924AF9}"
EndProject
Project("{8BC9CEB8-8B4A-11D0-8D11-00A0C91BC942}") = "Task_5", "Урок_14\Дз\Task_5\Task_5.vcxproj", "{B2C10595-9AA2-4033-9A75-F202B0348755}"
EndProject
Project("{8BC9CEB8-8B4A-11D0-8D11-00A0C91BC942}") = "Task_6", "Урок_14\Дз\Task_6\Task_6.vcxproj", "{8B307D3E-C025-45F0-8E3B-8697361EB2FE}"
EndProject
Project("{2150E333-8FDC-42A3-9474-1A3956D46DE8}") = "Неделя_9", "Неделя_9", "{6B48EAA9-2A0E-4E42-A45D-7146CBA0AF40}"
EndProject
Project("{8BC9CEB8-8B4A-11D0-8D11-00A0C91BC942}") = "Task_1", "Старые_проекты\Неделя_9\Task_1\Task_1.vcxproj", "{494F3FC3-47F4-4574-B977-259A3012E1EE}"
EndProject
Project("{8BC9CEB8-8B4A-11D0-8D11-00A0C91BC942}") = "Task_2", "Старые_проекты\Неделя_9\Task_2\Task_2.vcxproj", "{20C8B446-1743-4DF0-A03A-61C5E83DA68B}"
EndProject
Project("{8BC9CEB8-8B4A-11D0-8D11-00A0C91BC942}") = "Task_3", "Старые_проекты\Неделя_9\Task_3\Task_3.vcxproj", "{DBE605E2-A826-49BA-8A77-84E5BADBF25E}"
EndProject
Project("{8BC9CEB8-8B4A-11D0-8D11-00A0C91BC942}") = "Task_4", "Старые_проекты\Неделя_9\Task_4\Task_4.vcxproj", "{75D3F771-88CB-456A-B31F-12005C7D2E3D}"
EndProject
Project("{2150E333-8FDC-42A3-9474-1A3956D46DE8}") = "Неделя_3_2", "Неделя_3_2", "{CCD74995-507D-4048-82DB-DF52E060DCE7}"
EndProject
Project("{8BC9CEB8-8B4A-11D0-8D11-00A0C91BC942}") = "Task_2", "Старые_проекты\Неделя_3_2\Task_2\Task_2.vcxproj", "{FE793F24-272B-44E3-AE8B-7257E047400A}"
EndProject
Project("{8BC9CEB8-8B4A-11D0-8D11-00A0C91BC942}") = "Task_1", "Старые_проекты\Неделя_3_2\Task_1\Task_1.vcxproj", "{2AC25FC9-2D4E-47BF-9D07-7BE2E100C7A9}"
EndProject
Project("{2150E333-8FDC-42A3-9474-1A3956D46DE8}") = "Неделя_10", "Неделя_10", "{E5997A7C-8A65-48AA-831D-FF38A492151C}"
EndProject
Project("{8BC9CEB8-8B4A-11D0-8D11-00A0C91BC942}") = "Task_1", "Старые_проекты\Неделя_10\Task_1\Task_1.vcxproj", "{53A790BE-0998-4B8A-8B5E-A70AEF525297}"
EndProject
Project("{8BC9CEB8-8B4A-11D0-8D11-00A0C91BC942}") = "Task_2", "Старые_проекты\Неделя_10\Task_2\Task_2.vcxproj", "{7921E64F-FC83-4B8C-A37B-F4B8519E52F6}"
EndProject
Project("{8BC9CEB8-8B4A-11D0-8D11-00A0C91BC942}") = "Task_3", "Старые_проекты\Неделя_10\Task_3\Task_3.vcxproj", "{A0CDDA5F-5E22-494A-82BF-CBDDD0976363}"
EndProject
Project("{2150E333-8FDC-42A3-9474-1A3956D46DE8}") = "Неделя_12", "Неделя_12", "{9E18D09C-70C6-4DC1-8785-86C97D74FD7B}"
EndProject
Project("{8BC9CEB8-8B4A-11D0-8D11-00A0C91BC942}") = "Task_1", "Старые_проекты\Неделя_12\Task_1\Task_1.vcxproj", "{5E397ED6-3CB1-4DDE-B858-AF5A70967651}"
EndProject
Project("{8BC9CEB8-8B4A-11D0-8D11-00A0C91BC942}") = "Task_2", "Старые_проекты\Неделя_12\Task_2\Task_2.vcxproj", "{88ED498A-C8BA-4520-A498-BBE33B9576B1}"
EndProject
Project("{8BC9CEB8-8B4A-11D0-8D11-00A0C91BC942}") = "Task_3", "Старые_проекты\Неделя_12\Task_3\Task_3.vcxproj", "{06FB916D-4923-4246-9277-E2DEEFB9A7E8}"
EndProject
Project("{2150E333-8FDC-42A3-9474-1A3956D46DE8}") = "Командный_проект", "Командный_проект", "{920998A1-6991-42B4-8E72-6A2938C75869}"
EndProject
Project("{8BC9CEB8-8B4A-11D0-8D11-00A0C91BC942}") = "Team_project", "Старые_проекты\Командный_проект\Team_project\Team_project.vcxproj", "{D624F3F3-7179-4982-899F-16878F640CDA}"
EndProject
Project("{2150E333-8FDC-42A3-9474-1A3956D46DE8}") = "Неделя_15", "Неделя_15", "{42BA7384-C648-4ED6-98B8-6D9C4A275A2A}"
EndProject
Project("{8BC9CEB8-8B4A-11D0-8D11-00A0C91BC942}") = "Task_1", "Старые_проекты\Неделя_15\Task_1\Task_1.vcxproj", "{4412FA9E-22D8-43B0-B804-2E203168793C}"
EndProject
Project("{8BC9CEB8-8B4A-11D0-8D11-00A0C91BC942}") = "Task_1", "Урок_15\Дз\Task_1\Task_1.vcxproj", "{283BE23E-8EAD-4078-9876-CE7724AC4C31}"
EndProject
Project("{2150E333-8FDC-42A3-9474-1A3956D46DE8}") = "Урок_18", "Урок_18", "{6ADF974B-BD30-4A32-BD03-26C8E28ADB0E}"
EndProject
Project("{2150E333-8FDC-42A3-9474-1A3956D46DE8}") = "Дз", "Дз", "{DB9AB6E4-6181-4B03-B495-86C2819CE9F3}"
EndProject
Project("{8BC9CEB8-8B4A-11D0-8D11-00A0C91BC942}") = "Task_1", "Урок_18\Дз\Task_1\Task_1.vcxproj", "{8D1FBBFF-D681-4163-B0C6-A7DBB8205FA1}"
EndProject
Project("{8BC9CEB8-8B4A-11D0-8D11-00A0C91BC942}") = "Task_2", "Урок_18\Дз\Task_2\Task_2.vcxproj", "{AFCF948C-9C95-4C88-B55B-E2EB9E15C854}"
EndProject
Project("{2150E333-8FDC-42A3-9474-1A3956D46DE8}") = "Урок_16", "Урок_16", "{DADDBFB9-7BDB-4CA2-8E84-EBB324287042}"
EndProject
Project("{2150E333-8FDC-42A3-9474-1A3956D46DE8}") = "Дз", "Дз", "{5AF293AD-4633-4069-BB01-6EF9F66A3236}"
EndProject
Project("{8BC9CEB8-8B4A-11D0-8D11-00A0C91BC942}") = "Task_1", "Урок_16\Дз\Task_1\Task_1.vcxproj", "{4017C79C-66C6-4A99-BEE5-01E95CAF041D}"
EndProject
Project("{2150E333-8FDC-42A3-9474-1A3956D46DE8}") = "Урок_20", "Урок_20", "{F89E88A2-2768-4A65-A807-EE697E15DA45}"
EndProject
Project("{2150E333-8FDC-42A3-9474-1A3956D46DE8}") = "Дз", "Дз", "{A24C2E04-44C9-49B2-B109-C739CD9A0802}"
EndProject
Project("{8BC9CEB8-8B4A-11D0-8D11-00A0C91BC942}") = "Task_1", "Урок_20\Дз\Task_1\Task_1.vcxproj", "{83DF4364-B32B-43E7-BD4B-76DC5530762D}"
EndProject
Project("{2150E333-8FDC-42A3-9474-1A3956D46DE8}") = "Solution Items", "Solution Items", "{3ABE650F-4C06-4747-B9F2-8FC57600B0D0}"
EndProject
Project("{8BC9CEB8-8B4A-11D0-8D11-00A0C91BC942}") = "Task_2", "Урок_20\Дз\Task_2\Task_2.vcxproj", "{9CB174C8-029D-496C-8890-9228CB6FF7D7}"
EndProject
Project("{2150E333-8FDC-42A3-9474-1A3956D46DE8}") = "Урок_17", "Урок_17", "{5FA7881D-2739-411C-A432-E17D1D9FDE16}"
EndProject
Project("{2150E333-8FDC-42A3-9474-1A3956D46DE8}") = "Дз", "Дз", "{853F4A98-D45C-45A7-BC2B-9C720BCAFBF9}"
EndProject
Project("{8BC9CEB8-8B4A-11D0-8D11-00A0C91BC942}") = "Task_1", "Урок_17\Дз\Task_1\Task_1.vcxproj", "{E593F4DE-2E4E-4A67-AC40-20D3FC82BE77}"
EndProject
Project("{8BC9CEB8-8B4A-11D0-8D11-00A0C91BC942}") = "Task_2", "Урок_17\Дз\Task_2\Task_2.vcxproj", "{BA8D991D-8FA5-4EF0-9691-4A0B2256C9E2}"
EndProject
Project("{8BC9CEB8-8B4A-11D0-8D11-00A0C91BC942}") = "Task_3", "Урок_17\Дз\Task_3\Task_3.vcxproj", "{E038D7E0-274C-4A16-BDF4-577CB65F8CAD}"
EndProject
Project("{2150E333-8FDC-42A3-9474-1A3956D46DE8}") = "Урок_19", "Урок_19", "{47A6C72F-251D-4B84-A8CC-2D10FFCFE383}"
EndProject
Project("{2150E333-8FDC-42A3-9474-1A3956D46DE8}") = "Дз", "Дз", "{C06C05C9-EA4D-437F-A0EE-931D0BA0BD3E}"
EndProject
Project("{8BC9CEB8-8B4A-11D0-8D11-00A0C91BC942}") = "Task_1", "Урок_19\Дз\Task_1\Task_1.vcxproj", "{504EFB23-EEBC-424E-B805-686FC5277A28}"
EndProject
Project("{8BC9CEB8-8B4A-11D0-8D11-00A0C91BC942}") = "Task_2", "Урок_19\Дз\Task_2\Task_2.vcxproj", "{0B7E7046-1908-49AF-BE54-676DB1F4BE76}"
EndProject
Project("{2150E333-8FDC-42A3-9474-1A3956D46DE8}") = "Урок_25", "Урок_25", "{67311D1D-3DF7-47FE-BD92-0CCC900A7E95}"
EndProject
Project("{2150E333-8FDC-42A3-9474-1A3956D46DE8}") = "Дз", "Дз", "{68AC36FE-2292-4423-9925-3D819A720DB0}"
EndProject
Project("{8BC9CEB8-8B4A-11D0-8D11-00A0C91BC942}") = "Task_1", "Урок_25\Дз\Task_1\Task_1.vcxproj", "{B625F51A-D683-43BB-8678-7CD7347D6704}"
EndProject
Project("{8BC9CEB8-8B4A-11D0-8D11-00A0C91BC942}") = "Task_2", "Урок_25\Дз\Task_2\Task_2.vcxproj", "{84ADB2A2-1728-4CE7-9F25-26180AA24F1E}"
EndProject
Global
	GlobalSection(SolutionConfigurationPlatforms) = preSolution
		Debug|x64 = Debug|x64
		Debug|x86 = Debug|x86
		Release|x64 = Release|x64
		Release|x86 = Release|x86
	EndGlobalSection
	GlobalSection(ProjectConfigurationPlatforms) = postSolution
		{060415DB-0374-498A-996A-AA5031A312F4}.Debug|x64.ActiveCfg = Debug|x64
		{060415DB-0374-498A-996A-AA5031A312F4}.Debug|x64.Build.0 = Debug|x64
		{060415DB-0374-498A-996A-AA5031A312F4}.Debug|x86.ActiveCfg = Debug|Win32
		{060415DB-0374-498A-996A-AA5031A312F4}.Debug|x86.Build.0 = Debug|Win32
		{060415DB-0374-498A-996A-AA5031A312F4}.Release|x64.ActiveCfg = Release|x64
		{060415DB-0374-498A-996A-AA5031A312F4}.Release|x64.Build.0 = Release|x64
		{060415DB-0374-498A-996A-AA5031A312F4}.Release|x86.ActiveCfg = Release|Win32
		{060415DB-0374-498A-996A-AA5031A312F4}.Release|x86.Build.0 = Release|Win32
		{0DB46DC3-CA72-4465-A234-3925C676DD4E}.Debug|x64.ActiveCfg = Debug|x64
		{0DB46DC3-CA72-4465-A234-3925C676DD4E}.Debug|x64.Build.0 = Debug|x64
		{0DB46DC3-CA72-4465-A234-3925C676DD4E}.Debug|x86.ActiveCfg = Debug|Win32
		{0DB46DC3-CA72-4465-A234-3925C676DD4E}.Debug|x86.Build.0 = Debug|Win32
		{0DB46DC3-CA72-4465-A234-3925C676DD4E}.Release|x64.ActiveCfg = Release|x64
		{0DB46DC3-CA72-4465-A234-3925C676DD4E}.Release|x64.Build.0 = Release|x64
		{0DB46DC3-CA72-4465-A234-3925C676DD4E}.Release|x86.ActiveCfg = Release|Win32
		{0DB46DC3-CA72-4465-A234-3925C676DD4E}.Release|x86.Build.0 = Release|Win32
		{8312D807-756C-448F-B30B-A872C9DFC9CD}.Debug|x64.ActiveCfg = Debug|x64
		{8312D807-756C-448F-B30B-A872C9DFC9CD}.Debug|x64.Build.0 = Debug|x64
		{8312D807-756C-448F-B30B-A872C9DFC9CD}.Debug|x86.ActiveCfg = Debug|Win32
		{8312D807-756C-448F-B30B-A872C9DFC9CD}.Debug|x86.Build.0 = Debug|Win32
		{8312D807-756C-448F-B30B-A872C9DFC9CD}.Release|x64.ActiveCfg = Release|x64
		{8312D807-756C-448F-B30B-A872C9DFC9CD}.Release|x64.Build.0 = Release|x64
		{8312D807-756C-448F-B30B-A872C9DFC9CD}.Release|x86.ActiveCfg = Release|Win32
		{8312D807-756C-448F-B30B-A872C9DFC9CD}.Release|x86.Build.0 = Release|Win32
		{C23AD02C-8904-480F-9F2E-EE65B2800026}.Debug|x64.ActiveCfg = Debug|x64
		{C23AD02C-8904-480F-9F2E-EE65B2800026}.Debug|x64.Build.0 = Debug|x64
		{C23AD02C-8904-480F-9F2E-EE65B2800026}.Debug|x86.ActiveCfg = Debug|Win32
		{C23AD02C-8904-480F-9F2E-EE65B2800026}.Debug|x86.Build.0 = Debug|Win32
		{C23AD02C-8904-480F-9F2E-EE65B2800026}.Release|x64.ActiveCfg = Release|x64
		{C23AD02C-8904-480F-9F2E-EE65B2800026}.Release|x64.Build.0 = Release|x64
		{C23AD02C-8904-480F-9F2E-EE65B2800026}.Release|x86.ActiveCfg = Release|Win32
		{C23AD02C-8904-480F-9F2E-EE65B2800026}.Release|x86.Build.0 = Release|Win32
		{4D79CCD7-C3F2-4334-B91D-58D4E4658B58}.Debug|x64.ActiveCfg = Debug|x64
		{4D79CCD7-C3F2-4334-B91D-58D4E4658B58}.Debug|x64.Build.0 = Debug|x64
		{4D79CCD7-C3F2-4334-B91D-58D4E4658B58}.Debug|x86.ActiveCfg = Debug|Win32
		{4D79CCD7-C3F2-4334-B91D-58D4E4658B58}.Debug|x86.Build.0 = Debug|Win32
		{4D79CCD7-C3F2-4334-B91D-58D4E4658B58}.Release|x64.ActiveCfg = Release|x64
		{4D79CCD7-C3F2-4334-B91D-58D4E4658B58}.Release|x64.Build.0 = Release|x64
		{4D79CCD7-C3F2-4334-B91D-58D4E4658B58}.Release|x86.ActiveCfg = Release|Win32
		{4D79CCD7-C3F2-4334-B91D-58D4E4658B58}.Release|x86.Build.0 = Release|Win32
		{A1C93D6A-75EF-4703-ACAD-E88613FE60CE}.Debug|x64.ActiveCfg = Debug|x64
		{A1C93D6A-75EF-4703-ACAD-E88613FE60CE}.Debug|x64.Build.0 = Debug|x64
		{A1C93D6A-75EF-4703-ACAD-E88613FE60CE}.Debug|x86.ActiveCfg = Debug|Win32
		{A1C93D6A-75EF-4703-ACAD-E88613FE60CE}.Debug|x86.Build.0 = Debug|Win32
		{A1C93D6A-75EF-4703-ACAD-E88613FE60CE}.Release|x64.ActiveCfg = Release|x64
		{A1C93D6A-75EF-4703-ACAD-E88613FE60CE}.Release|x64.Build.0 = Release|x64
		{A1C93D6A-75EF-4703-ACAD-E88613FE60CE}.Release|x86.ActiveCfg = Release|Win32
		{A1C93D6A-75EF-4703-ACAD-E88613FE60CE}.Release|x86.Build.0 = Release|Win32
		{D9E0D68C-5E12-4062-BF01-1CE733EC618A}.Debug|x64.ActiveCfg = Debug|x64
		{D9E0D68C-5E12-4062-BF01-1CE733EC618A}.Debug|x64.Build.0 = Debug|x64
		{D9E0D68C-5E12-4062-BF01-1CE733EC618A}.Debug|x86.ActiveCfg = Debug|Win32
		{D9E0D68C-5E12-4062-BF01-1CE733EC618A}.Debug|x86.Build.0 = Debug|Win32
		{D9E0D68C-5E12-4062-BF01-1CE733EC618A}.Release|x64.ActiveCfg = Release|x64
		{D9E0D68C-5E12-4062-BF01-1CE733EC618A}.Release|x64.Build.0 = Release|x64
		{D9E0D68C-5E12-4062-BF01-1CE733EC618A}.Release|x86.ActiveCfg = Release|Win32
		{D9E0D68C-5E12-4062-BF01-1CE733EC618A}.Release|x86.Build.0 = Release|Win32
		{B656419E-E744-4F09-8F88-7A99DE7A776A}.Debug|x64.ActiveCfg = Debug|x64
		{B656419E-E744-4F09-8F88-7A99DE7A776A}.Debug|x64.Build.0 = Debug|x64
		{B656419E-E744-4F09-8F88-7A99DE7A776A}.Debug|x86.ActiveCfg = Debug|Win32
		{B656419E-E744-4F09-8F88-7A99DE7A776A}.Debug|x86.Build.0 = Debug|Win32
		{B656419E-E744-4F09-8F88-7A99DE7A776A}.Release|x64.ActiveCfg = Release|x64
		{B656419E-E744-4F09-8F88-7A99DE7A776A}.Release|x64.Build.0 = Release|x64
		{B656419E-E744-4F09-8F88-7A99DE7A776A}.Release|x86.ActiveCfg = Release|Win32
		{B656419E-E744-4F09-8F88-7A99DE7A776A}.Release|x86.Build.0 = Release|Win32
		{CAD67B69-133C-453E-9CCA-02FE352098C7}.Debug|x64.ActiveCfg = Debug|x64
		{CAD67B69-133C-453E-9CCA-02FE352098C7}.Debug|x64.Build.0 = Debug|x64
		{CAD67B69-133C-453E-9CCA-02FE352098C7}.Debug|x86.ActiveCfg = Debug|Win32
		{CAD67B69-133C-453E-9CCA-02FE352098C7}.Debug|x86.Build.0 = Debug|Win32
		{CAD67B69-133C-453E-9CCA-02FE352098C7}.Release|x64.ActiveCfg = Release|x64
		{CAD67B69-133C-453E-9CCA-02FE352098C7}.Release|x64.Build.0 = Release|x64
		{CAD67B69-133C-453E-9CCA-02FE352098C7}.Release|x86.ActiveCfg = Release|Win32
		{CAD67B69-133C-453E-9CCA-02FE352098C7}.Release|x86.Build.0 = Release|Win32
		{72A02BEF-BB41-4008-A92A-B93AADAC311A}.Debug|x64.ActiveCfg = Debug|x64
		{72A02BEF-BB41-4008-A92A-B93AADAC311A}.Debug|x64.Build.0 = Debug|x64
		{72A02BEF-BB41-4008-A92A-B93AADAC311A}.Debug|x86.ActiveCfg = Debug|Win32
		{72A02BEF-BB41-4008-A92A-B93AADAC311A}.Debug|x86.Build.0 = Debug|Win32
		{72A02BEF-BB41-4008-A92A-B93AADAC311A}.Release|x64.ActiveCfg = Release|x64
		{72A02BEF-BB41-4008-A92A-B93AADAC311A}.Release|x64.Build.0 = Release|x64
		{72A02BEF-BB41-4008-A92A-B93AADAC311A}.Release|x86.ActiveCfg = Release|Win32
		{72A02BEF-BB41-4008-A92A-B93AADAC311A}.Release|x86.Build.0 = Release|Win32
		{03E9C64B-D7BB-40F9-8552-55FCD86FC4AB}.Debug|x64.ActiveCfg = Debug|x64
		{03E9C64B-D7BB-40F9-8552-55FCD86FC4AB}.Debug|x64.Build.0 = Debug|x64
		{03E9C64B-D7BB-40F9-8552-55FCD86FC4AB}.Debug|x86.ActiveCfg = Debug|Win32
		{03E9C64B-D7BB-40F9-8552-55FCD86FC4AB}.Debug|x86.Build.0 = Debug|Win32
		{03E9C64B-D7BB-40F9-8552-55FCD86FC4AB}.Release|x64.ActiveCfg = Release|x64
		{03E9C64B-D7BB-40F9-8552-55FCD86FC4AB}.Release|x64.Build.0 = Release|x64
		{03E9C64B-D7BB-40F9-8552-55FCD86FC4AB}.Release|x86.ActiveCfg = Release|Win32
		{03E9C64B-D7BB-40F9-8552-55FCD86FC4AB}.Release|x86.Build.0 = Release|Win32
		{896E8264-72F7-4A06-A1A7-5653C2EE8BCC}.Debug|x64.ActiveCfg = Debug|x64
		{896E8264-72F7-4A06-A1A7-5653C2EE8BCC}.Debug|x64.Build.0 = Debug|x64
		{896E8264-72F7-4A06-A1A7-5653C2EE8BCC}.Debug|x86.ActiveCfg = Debug|Win32
		{896E8264-72F7-4A06-A1A7-5653C2EE8BCC}.Debug|x86.Build.0 = Debug|Win32
		{896E8264-72F7-4A06-A1A7-5653C2EE8BCC}.Release|x64.ActiveCfg = Release|x64
		{896E8264-72F7-4A06-A1A7-5653C2EE8BCC}.Release|x64.Build.0 = Release|x64
		{896E8264-72F7-4A06-A1A7-5653C2EE8BCC}.Release|x86.ActiveCfg = Release|Win32
		{896E8264-72F7-4A06-A1A7-5653C2EE8BCC}.Release|x86.Build.0 = Release|Win32
		{90A9F2BB-1A31-42E3-8D5E-9EFDC069284A}.Debug|x64.ActiveCfg = Debug|x64
		{90A9F2BB-1A31-42E3-8D5E-9EFDC069284A}.Debug|x64.Build.0 = Debug|x64
		{90A9F2BB-1A31-42E3-8D5E-9EFDC069284A}.Debug|x86.ActiveCfg = Debug|Win32
		{90A9F2BB-1A31-42E3-8D5E-9EFDC069284A}.Debug|x86.Build.0 = Debug|Win32
		{90A9F2BB-1A31-42E3-8D5E-9EFDC069284A}.Release|x64.ActiveCfg = Release|x64
		{90A9F2BB-1A31-42E3-8D5E-9EFDC069284A}.Release|x64.Build.0 = Release|x64
		{90A9F2BB-1A31-42E3-8D5E-9EFDC069284A}.Release|x86.ActiveCfg = Release|Win32
		{90A9F2BB-1A31-42E3-8D5E-9EFDC069284A}.Release|x86.Build.0 = Release|Win32
		{AA04F8DF-D161-42F2-A8F5-784EF4A06F2E}.Debug|x64.ActiveCfg = Debug|x64
		{AA04F8DF-D161-42F2-A8F5-784EF4A06F2E}.Debug|x64.Build.0 = Debug|x64
		{AA04F8DF-D161-42F2-A8F5-784EF4A06F2E}.Debug|x86.ActiveCfg = Debug|Win32
		{AA04F8DF-D161-42F2-A8F5-784EF4A06F2E}.Debug|x86.Build.0 = Debug|Win32
		{AA04F8DF-D161-42F2-A8F5-784EF4A06F2E}.Release|x64.ActiveCfg = Release|x64
		{AA04F8DF-D161-42F2-A8F5-784EF4A06F2E}.Release|x64.Build.0 = Release|x64
		{AA04F8DF-D161-42F2-A8F5-784EF4A06F2E}.Release|x86.ActiveCfg = Release|Win32
		{AA04F8DF-D161-42F2-A8F5-784EF4A06F2E}.Release|x86.Build.0 = Release|Win32
		{4386C35D-9614-4D5B-8AE7-2F4DE027586B}.Debug|x64.ActiveCfg = Debug|x64
		{4386C35D-9614-4D5B-8AE7-2F4DE027586B}.Debug|x64.Build.0 = Debug|x64
		{4386C35D-9614-4D5B-8AE7-2F4DE027586B}.Debug|x86.ActiveCfg = Debug|Win32
		{4386C35D-9614-4D5B-8AE7-2F4DE027586B}.Debug|x86.Build.0 = Debug|Win32
		{4386C35D-9614-4D5B-8AE7-2F4DE027586B}.Release|x64.ActiveCfg = Release|x64
		{4386C35D-9614-4D5B-8AE7-2F4DE027586B}.Release|x64.Build.0 = Release|x64
		{4386C35D-9614-4D5B-8AE7-2F4DE027586B}.Release|x86.ActiveCfg = Release|Win32
		{4386C35D-9614-4D5B-8AE7-2F4DE027586B}.Release|x86.Build.0 = Release|Win32
		{8889C275-5D03-4490-919B-6FB2F698EE4B}.Debug|x64.ActiveCfg = Debug|x64
		{8889C275-5D03-4490-919B-6FB2F698EE4B}.Debug|x64.Build.0 = Debug|x64
		{8889C275-5D03-4490-919B-6FB2F698EE4B}.Debug|x86.ActiveCfg = Debug|Win32
		{8889C275-5D03-4490-919B-6FB2F698EE4B}.Debug|x86.Build.0 = Debug|Win32
		{8889C275-5D03-4490-919B-6FB2F698EE4B}.Release|x64.ActiveCfg = Release|x64
		{8889C275-5D03-4490-919B-6FB2F698EE4B}.Release|x64.Build.0 = Release|x64
		{8889C275-5D03-4490-919B-6FB2F698EE4B}.Release|x86.ActiveCfg = Release|Win32
		{8889C275-5D03-4490-919B-6FB2F698EE4B}.Release|x86.Build.0 = Release|Win32
		{0E45C9B7-FAC6-4AC0-8CA5-C66DA2478E4C}.Debug|x64.ActiveCfg = Debug|x64
		{0E45C9B7-FAC6-4AC0-8CA5-C66DA2478E4C}.Debug|x64.Build.0 = Debug|x64
		{0E45C9B7-FAC6-4AC0-8CA5-C66DA2478E4C}.Debug|x86.ActiveCfg = Debug|Win32
		{0E45C9B7-FAC6-4AC0-8CA5-C66DA2478E4C}.Debug|x86.Build.0 = Debug|Win32
		{0E45C9B7-FAC6-4AC0-8CA5-C66DA2478E4C}.Release|x64.ActiveCfg = Release|x64
		{0E45C9B7-FAC6-4AC0-8CA5-C66DA2478E4C}.Release|x64.Build.0 = Release|x64
		{0E45C9B7-FAC6-4AC0-8CA5-C66DA2478E4C}.Release|x86.ActiveCfg = Release|Win32
		{0E45C9B7-FAC6-4AC0-8CA5-C66DA2478E4C}.Release|x86.Build.0 = Release|Win32
		{968C2985-BD87-47CE-B5F9-377EFD940950}.Debug|x64.ActiveCfg = Debug|x64
		{968C2985-BD87-47CE-B5F9-377EFD940950}.Debug|x64.Build.0 = Debug|x64
		{968C2985-BD87-47CE-B5F9-377EFD940950}.Debug|x86.ActiveCfg = Debug|Win32
		{968C2985-BD87-47CE-B5F9-377EFD940950}.Debug|x86.Build.0 = Debug|Win32
		{968C2985-BD87-47CE-B5F9-377EFD940950}.Release|x64.ActiveCfg = Release|x64
		{968C2985-BD87-47CE-B5F9-377EFD940950}.Release|x64.Build.0 = Release|x64
		{968C2985-BD87-47CE-B5F9-377EFD940950}.Release|x86.ActiveCfg = Release|Win32
		{968C2985-BD87-47CE-B5F9-377EFD940950}.Release|x86.Build.0 = Release|Win32
		{02BA13E4-FB12-4B28-B69A-70A9843B97B5}.Debug|x64.ActiveCfg = Debug|x64
		{02BA13E4-FB12-4B28-B69A-70A9843B97B5}.Debug|x64.Build.0 = Debug|x64
		{02BA13E4-FB12-4B28-B69A-70A9843B97B5}.Debug|x86.ActiveCfg = Debug|Win32
		{02BA13E4-FB12-4B28-B69A-70A9843B97B5}.Debug|x86.Build.0 = Debug|Win32
		{02BA13E4-FB12-4B28-B69A-70A9843B97B5}.Release|x64.ActiveCfg = Release|x64
		{02BA13E4-FB12-4B28-B69A-70A9843B97B5}.Release|x64.Build.0 = Release|x64
		{02BA13E4-FB12-4B28-B69A-70A9843B97B5}.Release|x86.ActiveCfg = Release|Win32
		{02BA13E4-FB12-4B28-B69A-70A9843B97B5}.Release|x86.Build.0 = Release|Win32
		{1254CFF5-9A41-450A-ACA1-A3FA9CEEA357}.Debug|x64.ActiveCfg = Debug|x64
		{1254CFF5-9A41-450A-ACA1-A3FA9CEEA357}.Debug|x64.Build.0 = Debug|x64
		{1254CFF5-9A41-450A-ACA1-A3FA9CEEA357}.Debug|x86.ActiveCfg = Debug|Win32
		{1254CFF5-9A41-450A-ACA1-A3FA9CEEA357}.Debug|x86.Build.0 = Debug|Win32
		{1254CFF5-9A41-450A-ACA1-A3FA9CEEA357}.Release|x64.ActiveCfg = Release|x64
		{1254CFF5-9A41-450A-ACA1-A3FA9CEEA357}.Release|x64.Build.0 = Release|x64
		{1254CFF5-9A41-450A-ACA1-A3FA9CEEA357}.Release|x86.ActiveCfg = Release|Win32
		{1254CFF5-9A41-450A-ACA1-A3FA9CEEA357}.Release|x86.Build.0 = Release|Win32
		{45626C97-6B33-4A3F-8CBB-3A9333270BA9}.Debug|x64.ActiveCfg = Debug|x64
		{45626C97-6B33-4A3F-8CBB-3A9333270BA9}.Debug|x64.Build.0 = Debug|x64
		{45626C97-6B33-4A3F-8CBB-3A9333270BA9}.Debug|x86.ActiveCfg = Debug|Win32
		{45626C97-6B33-4A3F-8CBB-3A9333270BA9}.Debug|x86.Build.0 = Debug|Win32
		{45626C97-6B33-4A3F-8CBB-3A9333270BA9}.Release|x64.ActiveCfg = Release|x64
		{45626C97-6B33-4A3F-8CBB-3A9333270BA9}.Release|x64.Build.0 = Release|x64
		{45626C97-6B33-4A3F-8CBB-3A9333270BA9}.Release|x86.ActiveCfg = Release|Win32
		{45626C97-6B33-4A3F-8CBB-3A9333270BA9}.Release|x86.Build.0 = Release|Win32
		{3330DD21-C9B1-49DE-BE8C-BBD6DB924AF9}.Debug|x64.ActiveCfg = Debug|x64
		{3330DD21-C9B1-49DE-BE8C-BBD6DB924AF9}.Debug|x64.Build.0 = Debug|x64
		{3330DD21-C9B1-49DE-BE8C-BBD6DB924AF9}.Debug|x86.ActiveCfg = Debug|Win32
		{3330DD21-C9B1-49DE-BE8C-BBD6DB924AF9}.Debug|x86.Build.0 = Debug|Win32
		{3330DD21-C9B1-49DE-BE8C-BBD6DB924AF9}.Release|x64.ActiveCfg = Release|x64
		{3330DD21-C9B1-49DE-BE8C-BBD6DB924AF9}.Release|x64.Build.0 = Release|x64
		{3330DD21-C9B1-49DE-BE8C-BBD6DB924AF9}.Release|x86.ActiveCfg = Release|Win32
		{3330DD21-C9B1-49DE-BE8C-BBD6DB924AF9}.Release|x86.Build.0 = Release|Win32
		{B2C10595-9AA2-4033-9A75-F202B0348755}.Debug|x64.ActiveCfg = Debug|x64
		{B2C10595-9AA2-4033-9A75-F202B0348755}.Debug|x64.Build.0 = Debug|x64
		{B2C10595-9AA2-4033-9A75-F202B0348755}.Debug|x86.ActiveCfg = Debug|Win32
		{B2C10595-9AA2-4033-9A75-F202B0348755}.Debug|x86.Build.0 = Debug|Win32
		{B2C10595-9AA2-4033-9A75-F202B0348755}.Release|x64.ActiveCfg = Release|x64
		{B2C10595-9AA2-4033-9A75-F202B0348755}.Release|x64.Build.0 = Release|x64
		{B2C10595-9AA2-4033-9A75-F202B0348755}.Release|x86.ActiveCfg = Release|Win32
		{B2C10595-9AA2-4033-9A75-F202B0348755}.Release|x86.Build.0 = Release|Win32
		{8B307D3E-C025-45F0-8E3B-8697361EB2FE}.Debug|x64.ActiveCfg = Debug|x64
		{8B307D3E-C025-45F0-8E3B-8697361EB2FE}.Debug|x64.Build.0 = Debug|x64
		{8B307D3E-C025-45F0-8E3B-8697361EB2FE}.Debug|x86.ActiveCfg = Debug|Win32
		{8B307D3E-C025-45F0-8E3B-8697361EB2FE}.Debug|x86.Build.0 = Debug|Win32
		{8B307D3E-C025-45F0-8E3B-8697361EB2FE}.Release|x64.ActiveCfg = Release|x64
		{8B307D3E-C025-45F0-8E3B-8697361EB2FE}.Release|x64.Build.0 = Release|x64
		{8B307D3E-C025-45F0-8E3B-8697361EB2FE}.Release|x86.ActiveCfg = Release|Win32
		{8B307D3E-C025-45F0-8E3B-8697361EB2FE}.Release|x86.Build.0 = Release|Win32
		{494F3FC3-47F4-4574-B977-259A3012E1EE}.Debug|x64.ActiveCfg = Debug|x64
		{494F3FC3-47F4-4574-B977-259A3012E1EE}.Debug|x64.Build.0 = Debug|x64
		{494F3FC3-47F4-4574-B977-259A3012E1EE}.Debug|x86.ActiveCfg = Debug|Win32
		{494F3FC3-47F4-4574-B977-259A3012E1EE}.Debug|x86.Build.0 = Debug|Win32
		{494F3FC3-47F4-4574-B977-259A3012E1EE}.Release|x64.ActiveCfg = Release|x64
		{494F3FC3-47F4-4574-B977-259A3012E1EE}.Release|x64.Build.0 = Release|x64
		{494F3FC3-47F4-4574-B977-259A3012E1EE}.Release|x86.ActiveCfg = Release|Win32
		{494F3FC3-47F4-4574-B977-259A3012E1EE}.Release|x86.Build.0 = Release|Win32
		{20C8B446-1743-4DF0-A03A-61C5E83DA68B}.Debug|x64.ActiveCfg = Debug|x64
		{20C8B446-1743-4DF0-A03A-61C5E83DA68B}.Debug|x64.Build.0 = Debug|x64
		{20C8B446-1743-4DF0-A03A-61C5E83DA68B}.Debug|x86.ActiveCfg = Debug|Win32
		{20C8B446-1743-4DF0-A03A-61C5E83DA68B}.Debug|x86.Build.0 = Debug|Win32
		{20C8B446-1743-4DF0-A03A-61C5E83DA68B}.Release|x64.ActiveCfg = Release|x64
		{20C8B446-1743-4DF0-A03A-61C5E83DA68B}.Release|x64.Build.0 = Release|x64
		{20C8B446-1743-4DF0-A03A-61C5E83DA68B}.Release|x86.ActiveCfg = Release|Win32
		{20C8B446-1743-4DF0-A03A-61C5E83DA68B}.Release|x86.Build.0 = Release|Win32
		{DBE605E2-A826-49BA-8A77-84E5BADBF25E}.Debug|x64.ActiveCfg = Debug|x64
		{DBE605E2-A826-49BA-8A77-84E5BADBF25E}.Debug|x64.Build.0 = Debug|x64
		{DBE605E2-A826-49BA-8A77-84E5BADBF25E}.Debug|x86.ActiveCfg = Debug|Win32
		{DBE605E2-A826-49BA-8A77-84E5BADBF25E}.Debug|x86.Build.0 = Debug|Win32
		{DBE605E2-A826-49BA-8A77-84E5BADBF25E}.Release|x64.ActiveCfg = Release|x64
		{DBE605E2-A826-49BA-8A77-84E5BADBF25E}.Release|x64.Build.0 = Release|x64
		{DBE605E2-A826-49BA-8A77-84E5BADBF25E}.Release|x86.ActiveCfg = Release|Win32
		{DBE605E2-A826-49BA-8A77-84E5BADBF25E}.Release|x86.Build.0 = Release|Win32
		{75D3F771-88CB-456A-B31F-12005C7D2E3D}.Debug|x64.ActiveCfg = Debug|x64
		{75D3F771-88CB-456A-B31F-12005C7D2E3D}.Debug|x64.Build.0 = Debug|x64
		{75D3F771-88CB-456A-B31F-12005C7D2E3D}.Debug|x86.ActiveCfg = Debug|Win32
		{75D3F771-88CB-456A-B31F-12005C7D2E3D}.Debug|x86.Build.0 = Debug|Win32
		{75D3F771-88CB-456A-B31F-12005C7D2E3D}.Release|x64.ActiveCfg = Release|x64
		{75D3F771-88CB-456A-B31F-12005C7D2E3D}.Release|x64.Build.0 = Release|x64
		{75D3F771-88CB-456A-B31F-12005C7D2E3D}.Release|x86.ActiveCfg = Release|Win32
		{75D3F771-88CB-456A-B31F-12005C7D2E3D}.Release|x86.Build.0 = Release|Win32
		{FE793F24-272B-44E3-AE8B-7257E047400A}.Debug|x64.ActiveCfg = Debug|x64
		{FE793F24-272B-44E3-AE8B-7257E047400A}.Debug|x64.Build.0 = Debug|x64
		{FE793F24-272B-44E3-AE8B-7257E047400A}.Debug|x86.ActiveCfg = Debug|Win32
		{FE793F24-272B-44E3-AE8B-7257E047400A}.Debug|x86.Build.0 = Debug|Win32
		{FE793F24-272B-44E3-AE8B-7257E047400A}.Release|x64.ActiveCfg = Release|x64
		{FE793F24-272B-44E3-AE8B-7257E047400A}.Release|x64.Build.0 = Release|x64
		{FE793F24-272B-44E3-AE8B-7257E047400A}.Release|x86.ActiveCfg = Release|Win32
		{FE793F24-272B-44E3-AE8B-7257E047400A}.Release|x86.Build.0 = Release|Win32
		{2AC25FC9-2D4E-47BF-9D07-7BE2E100C7A9}.Debug|x64.ActiveCfg = Debug|x64
		{2AC25FC9-2D4E-47BF-9D07-7BE2E100C7A9}.Debug|x64.Build.0 = Debug|x64
		{2AC25FC9-2D4E-47BF-9D07-7BE2E100C7A9}.Debug|x86.ActiveCfg = Debug|Win32
		{2AC25FC9-2D4E-47BF-9D07-7BE2E100C7A9}.Debug|x86.Build.0 = Debug|Win32
		{2AC25FC9-2D4E-47BF-9D07-7BE2E100C7A9}.Release|x64.ActiveCfg = Release|x64
		{2AC25FC9-2D4E-47BF-9D07-7BE2E100C7A9}.Release|x64.Build.0 = Release|x64
		{2AC25FC9-2D4E-47BF-9D07-7BE2E100C7A9}.Release|x86.ActiveCfg = Release|Win32
		{2AC25FC9-2D4E-47BF-9D07-7BE2E100C7A9}.Release|x86.Build.0 = Release|Win32
		{53A790BE-0998-4B8A-8B5E-A70AEF525297}.Debug|x64.ActiveCfg = Debug|x64
		{53A790BE-0998-4B8A-8B5E-A70AEF525297}.Debug|x64.Build.0 = Debug|x64
		{53A790BE-0998-4B8A-8B5E-A70AEF525297}.Debug|x86.ActiveCfg = Debug|Win32
		{53A790BE-0998-4B8A-8B5E-A70AEF525297}.Debug|x86.Build.0 = Debug|Win32
		{53A790BE-0998-4B8A-8B5E-A70AEF525297}.Release|x64.ActiveCfg = Release|x64
		{53A790BE-0998-4B8A-8B5E-A70AEF525297}.Release|x64.Build.0 = Release|x64
		{53A790BE-0998-4B8A-8B5E-A70AEF525297}.Release|x86.ActiveCfg = Release|Win32
		{53A790BE-0998-4B8A-8B5E-A70AEF525297}.Release|x86.Build.0 = Release|Win32
		{7921E64F-FC83-4B8C-A37B-F4B8519E52F6}.Debug|x64.ActiveCfg = Debug|x64
		{7921E64F-FC83-4B8C-A37B-F4B8519E52F6}.Debug|x64.Build.0 = Debug|x64
		{7921E64F-FC83-4B8C-A37B-F4B8519E52F6}.Debug|x86.ActiveCfg = Debug|Win32
		{7921E64F-FC83-4B8C-A37B-F4B8519E52F6}.Debug|x86.Build.0 = Debug|Win32
		{7921E64F-FC83-4B8C-A37B-F4B8519E52F6}.Release|x64.ActiveCfg = Release|x64
		{7921E64F-FC83-4B8C-A37B-F4B8519E52F6}.Release|x64.Build.0 = Release|x64
		{7921E64F-FC83-4B8C-A37B-F4B8519E52F6}.Release|x86.ActiveCfg = Release|Win32
		{7921E64F-FC83-4B8C-A37B-F4B8519E52F6}.Release|x86.Build.0 = Release|Win32
		{A0CDDA5F-5E22-494A-82BF-CBDDD0976363}.Debug|x64.ActiveCfg = Debug|x64
		{A0CDDA5F-5E22-494A-82BF-CBDDD0976363}.Debug|x64.Build.0 = Debug|x64
		{A0CDDA5F-5E22-494A-82BF-CBDDD0976363}.Debug|x86.ActiveCfg = Debug|Win32
		{A0CDDA5F-5E22-494A-82BF-CBDDD0976363}.Debug|x86.Build.0 = Debug|Win32
		{A0CDDA5F-5E22-494A-82BF-CBDDD0976363}.Release|x64.ActiveCfg = Release|x64
		{A0CDDA5F-5E22-494A-82BF-CBDDD0976363}.Release|x64.Build.0 = Release|x64
		{A0CDDA5F-5E22-494A-82BF-CBDDD0976363}.Release|x86.ActiveCfg = Release|Win32
		{A0CDDA5F-5E22-494A-82BF-CBDDD0976363}.Release|x86.Build.0 = Release|Win32
		{5E397ED6-3CB1-4DDE-B858-AF5A70967651}.Debug|x64.ActiveCfg = Debug|x64
		{5E397ED6-3CB1-4DDE-B858-AF5A70967651}.Debug|x64.Build.0 = Debug|x64
		{5E397ED6-3CB1-4DDE-B858-AF5A70967651}.Debug|x86.ActiveCfg = Debug|Win32
		{5E397ED6-3CB1-4DDE-B858-AF5A70967651}.Debug|x86.Build.0 = Debug|Win32
		{5E397ED6-3CB1-4DDE-B858-AF5A70967651}.Release|x64.ActiveCfg = Release|x64
		{5E397ED6-3CB1-4DDE-B858-AF5A70967651}.Release|x64.Build.0 = Release|x64
		{5E397ED6-3CB1-4DDE-B858-AF5A70967651}.Release|x86.ActiveCfg = Release|Win32
		{5E397ED6-3CB1-4DDE-B858-AF5A70967651}.Release|x86.Build.0 = Release|Win32
		{88ED498A-C8BA-4520-A498-BBE33B9576B1}.Debug|x64.ActiveCfg = Debug|x64
		{88ED498A-C8BA-4520-A498-BBE33B9576B1}.Debug|x64.Build.0 = Debug|x64
		{88ED498A-C8BA-4520-A498-BBE33B9576B1}.Debug|x86.ActiveCfg = Debug|Win32
		{88ED498A-C8BA-4520-A498-BBE33B9576B1}.Debug|x86.Build.0 = Debug|Win32
		{88ED498A-C8BA-4520-A498-BBE33B9576B1}.Release|x64.ActiveCfg = Release|x64
		{88ED498A-C8BA-4520-A498-BBE33B9576B1}.Release|x64.Build.0 = Release|x64
		{88ED498A-C8BA-4520-A498-BBE33B9576B1}.Release|x86.ActiveCfg = Release|Win32
		{88ED498A-C8BA-4520-A498-BBE33B9576B1}.Release|x86.Build.0 = Release|Win32
		{06FB916D-4923-4246-9277-E2DEEFB9A7E8}.Debug|x64.ActiveCfg = Debug|x64
		{06FB916D-4923-4246-9277-E2DEEFB9A7E8}.Debug|x64.Build.0 = Debug|x64
		{06FB916D-4923-4246-9277-E2DEEFB9A7E8}.Debug|x86.ActiveCfg = Debug|Win32
		{06FB916D-4923-4246-9277-E2DEEFB9A7E8}.Debug|x86.Build.0 = Debug|Win32
		{06FB916D-4923-4246-9277-E2DEEFB9A7E8}.Release|x64.ActiveCfg = Release|x64
		{06FB916D-4923-4246-9277-E2DEEFB9A7E8}.Release|x64.Build.0 = Release|x64
		{06FB916D-4923-4246-9277-E2DEEFB9A7E8}.Release|x86.ActiveCfg = Release|Win32
		{06FB916D-4923-4246-9277-E2DEEFB9A7E8}.Release|x86.Build.0 = Release|Win32
		{D624F3F3-7179-4982-899F-16878F640CDA}.Debug|x64.ActiveCfg = Debug|x64
		{D624F3F3-7179-4982-899F-16878F640CDA}.Debug|x64.Build.0 = Debug|x64
		{D624F3F3-7179-4982-899F-16878F640CDA}.Debug|x86.ActiveCfg = Debug|Win32
		{D624F3F3-7179-4982-899F-16878F640CDA}.Debug|x86.Build.0 = Debug|Win32
		{D624F3F3-7179-4982-899F-16878F640CDA}.Release|x64.ActiveCfg = Release|x64
		{D624F3F3-7179-4982-899F-16878F640CDA}.Release|x64.Build.0 = Release|x64
		{D624F3F3-7179-4982-899F-16878F640CDA}.Release|x86.ActiveCfg = Release|Win32
		{D624F3F3-7179-4982-899F-16878F640CDA}.Release|x86.Build.0 = Release|Win32
		{4412FA9E-22D8-43B0-B804-2E203168793C}.Debug|x64.ActiveCfg = Debug|x64
		{4412FA9E-22D8-43B0-B804-2E203168793C}.Debug|x64.Build.0 = Debug|x64
		{4412FA9E-22D8-43B0-B804-2E203168793C}.Debug|x86.ActiveCfg = Debug|Win32
		{4412FA9E-22D8-43B0-B804-2E203168793C}.Debug|x86.Build.0 = Debug|Win32
		{4412FA9E-22D8-43B0-B804-2E203168793C}.Release|x64.ActiveCfg = Release|x64
		{4412FA9E-22D8-43B0-B804-2E203168793C}.Release|x64.Build.0 = Release|x64
		{4412FA9E-22D8-43B0-B804-2E203168793C}.Release|x86.ActiveCfg = Release|Win32
		{4412FA9E-22D8-43B0-B804-2E203168793C}.Release|x86.Build.0 = Release|Win32
		{283BE23E-8EAD-4078-9876-CE7724AC4C31}.Debug|x64.ActiveCfg = Debug|x64
		{283BE23E-8EAD-4078-9876-CE7724AC4C31}.Debug|x64.Build.0 = Debug|x64
		{283BE23E-8EAD-4078-9876-CE7724AC4C31}.Debug|x86.ActiveCfg = Debug|Win32
		{283BE23E-8EAD-4078-9876-CE7724AC4C31}.Debug|x86.Build.0 = Debug|Win32
		{283BE23E-8EAD-4078-9876-CE7724AC4C31}.Release|x64.ActiveCfg = Release|x64
		{283BE23E-8EAD-4078-9876-CE7724AC4C31}.Release|x64.Build.0 = Release|x64
		{283BE23E-8EAD-4078-9876-CE7724AC4C31}.Release|x86.ActiveCfg = Release|Win32
		{283BE23E-8EAD-4078-9876-CE7724AC4C31}.Release|x86.Build.0 = Release|Win32
		{8D1FBBFF-D681-4163-B0C6-A7DBB8205FA1}.Debug|x64.ActiveCfg = Debug|x64
		{8D1FBBFF-D681-4163-B0C6-A7DBB8205FA1}.Debug|x64.Build.0 = Debug|x64
		{8D1FBBFF-D681-4163-B0C6-A7DBB8205FA1}.Debug|x86.ActiveCfg = Debug|Win32
		{8D1FBBFF-D681-4163-B0C6-A7DBB8205FA1}.Debug|x86.Build.0 = Debug|Win32
		{8D1FBBFF-D681-4163-B0C6-A7DBB8205FA1}.Release|x64.ActiveCfg = Release|x64
		{8D1FBBFF-D681-4163-B0C6-A7DBB8205FA1}.Release|x64.Build.0 = Release|x64
		{8D1FBBFF-D681-4163-B0C6-A7DBB8205FA1}.Release|x86.ActiveCfg = Release|Win32
		{8D1FBBFF-D681-4163-B0C6-A7DBB8205FA1}.Release|x86.Build.0 = Release|Win32
		{AFCF948C-9C95-4C88-B55B-E2EB9E15C854}.Debug|x64.ActiveCfg = Debug|x64
		{AFCF948C-9C95-4C88-B55B-E2EB9E15C854}.Debug|x64.Build.0 = Debug|x64
		{AFCF948C-9C95-4C88-B55B-E2EB9E15C854}.Debug|x86.ActiveCfg = Debug|Win32
		{AFCF948C-9C95-4C88-B55B-E2EB9E15C854}.Debug|x86.Build.0 = Debug|Win32
		{AFCF948C-9C95-4C88-B55B-E2EB9E15C854}.Release|x64.ActiveCfg = Release|x64
		{AFCF948C-9C95-4C88-B55B-E2EB9E15C854}.Release|x64.Build.0 = Release|x64
		{AFCF948C-9C95-4C88-B55B-E2EB9E15C854}.Release|x86.ActiveCfg = Release|Win32
		{AFCF948C-9C95-4C88-B55B-E2EB9E15C854}.Release|x86.Build.0 = Release|Win32
		{4017C79C-66C6-4A99-BEE5-01E95CAF041D}.Debug|x64.ActiveCfg = Debug|x64
		{4017C79C-66C6-4A99-BEE5-01E95CAF041D}.Debug|x64.Build.0 = Debug|x64
		{4017C79C-66C6-4A99-BEE5-01E95CAF041D}.Debug|x86.ActiveCfg = Debug|Win32
		{4017C79C-66C6-4A99-BEE5-01E95CAF041D}.Debug|x86.Build.0 = Debug|Win32
		{4017C79C-66C6-4A99-BEE5-01E95CAF041D}.Release|x64.ActiveCfg = Release|x64
		{4017C79C-66C6-4A99-BEE5-01E95CAF041D}.Release|x64.Build.0 = Release|x64
		{4017C79C-66C6-4A99-BEE5-01E95CAF041D}.Release|x86.ActiveCfg = Release|Win32
		{4017C79C-66C6-4A99-BEE5-01E95CAF041D}.Release|x86.Build.0 = Release|Win32
		{83DF4364-B32B-43E7-BD4B-76DC5530762D}.Debug|x64.ActiveCfg = Debug|x64
		{83DF4364-B32B-43E7-BD4B-76DC5530762D}.Debug|x64.Build.0 = Debug|x64
		{83DF4364-B32B-43E7-BD4B-76DC5530762D}.Debug|x86.ActiveCfg = Debug|Win32
		{83DF4364-B32B-43E7-BD4B-76DC5530762D}.Debug|x86.Build.0 = Debug|Win32
		{83DF4364-B32B-43E7-BD4B-76DC5530762D}.Release|x64.ActiveCfg = Release|x64
		{83DF4364-B32B-43E7-BD4B-76DC5530762D}.Release|x64.Build.0 = Release|x64
		{83DF4364-B32B-43E7-BD4B-76DC5530762D}.Release|x86.ActiveCfg = Release|Win32
		{83DF4364-B32B-43E7-BD4B-76DC5530762D}.Release|x86.Build.0 = Release|Win32
		{9CB174C8-029D-496C-8890-9228CB6FF7D7}.Debug|x64.ActiveCfg = Debug|x64
		{9CB174C8-029D-496C-8890-9228CB6FF7D7}.Debug|x64.Build.0 = Debug|x64
		{9CB174C8-029D-496C-8890-9228CB6FF7D7}.Debug|x86.ActiveCfg = Debug|Win32
		{9CB174C8-029D-496C-8890-9228CB6FF7D7}.Debug|x86.Build.0 = Debug|Win32
		{9CB174C8-029D-496C-8890-9228CB6FF7D7}.Release|x64.ActiveCfg = Release|x64
		{9CB174C8-029D-496C-8890-9228CB6FF7D7}.Release|x64.Build.0 = Release|x64
		{9CB174C8-029D-496C-8890-9228CB6FF7D7}.Release|x86.ActiveCfg = Release|Win32
		{9CB174C8-029D-496C-8890-9228CB6FF7D7}.Release|x86.Build.0 = Release|Win32
		{E593F4DE-2E4E-4A67-AC40-20D3FC82BE77}.Debug|x64.ActiveCfg = Debug|x64
		{E593F4DE-2E4E-4A67-AC40-20D3FC82BE77}.Debug|x64.Build.0 = Debug|x64
		{E593F4DE-2E4E-4A67-AC40-20D3FC82BE77}.Debug|x86.ActiveCfg = Debug|Win32
		{E593F4DE-2E4E-4A67-AC40-20D3FC82BE77}.Debug|x86.Build.0 = Debug|Win32
		{E593F4DE-2E4E-4A67-AC40-20D3FC82BE77}.Release|x64.ActiveCfg = Release|x64
		{E593F4DE-2E4E-4A67-AC40-20D3FC82BE77}.Release|x64.Build.0 = Release|x64
		{E593F4DE-2E4E-4A67-AC40-20D3FC82BE77}.Release|x86.ActiveCfg = Release|Win32
		{E593F4DE-2E4E-4A67-AC40-20D3FC82BE77}.Release|x86.Build.0 = Release|Win32
		{BA8D991D-8FA5-4EF0-9691-4A0B2256C9E2}.Debug|x64.ActiveCfg = Debug|x64
		{BA8D991D-8FA5-4EF0-9691-4A0B2256C9E2}.Debug|x64.Build.0 = Debug|x64
		{BA8D991D-8FA5-4EF0-9691-4A0B2256C9E2}.Debug|x86.ActiveCfg = Debug|Win32
		{BA8D991D-8FA5-4EF0-9691-4A0B2256C9E2}.Debug|x86.Build.0 = Debug|Win32
		{BA8D991D-8FA5-4EF0-9691-4A0B2256C9E2}.Release|x64.ActiveCfg = Release|x64
		{BA8D991D-8FA5-4EF0-9691-4A0B2256C9E2}.Release|x64.Build.0 = Release|x64
		{BA8D991D-8FA5-4EF0-9691-4A0B2256C9E2}.Release|x86.ActiveCfg = Release|Win32
		{BA8D991D-8FA5-4EF0-9691-4A0B2256C9E2}.Release|x86.Build.0 = Release|Win32
		{E038D7E0-274C-4A16-BDF4-577CB65F8CAD}.Debug|x64.ActiveCfg = Debug|x64
		{E038D7E0-274C-4A16-BDF4-577CB65F8CAD}.Debug|x64.Build.0 = Debug|x64
		{E038D7E0-274C-4A16-BDF4-577CB65F8CAD}.Debug|x86.ActiveCfg = Debug|Win32
		{E038D7E0-274C-4A16-BDF4-577CB65F8CAD}.Debug|x86.Build.0 = Debug|Win32
		{E038D7E0-274C-4A16-BDF4-577CB65F8CAD}.Release|x64.ActiveCfg = Release|x64
		{E038D7E0-274C-4A16-BDF4-577CB65F8CAD}.Release|x64.Build.0 = Release|x64
		{E038D7E0-274C-4A16-BDF4-577CB65F8CAD}.Release|x86.ActiveCfg = Release|Win32
		{E038D7E0-274C-4A16-BDF4-577CB65F8CAD}.Release|x86.Build.0 = Release|Win32
		{504EFB23-EEBC-424E-B805-686FC5277A28}.Debug|x64.ActiveCfg = Debug|x64
		{504EFB23-EEBC-424E-B805-686FC5277A28}.Debug|x64.Build.0 = Debug|x64
		{504EFB23-EEBC-424E-B805-686FC5277A28}.Debug|x86.ActiveCfg = Debug|Win32
		{504EFB23-EEBC-424E-B805-686FC5277A28}.Debug|x86.Build.0 = Debug|Win32
		{504EFB23-EEBC-424E-B805-686FC5277A28}.Release|x64.ActiveCfg = Release|x64
		{504EFB23-EEBC-424E-B805-686FC5277A28}.Release|x64.Build.0 = Release|x64
		{504EFB23-EEBC-424E-B805-686FC5277A28}.Release|x86.ActiveCfg = Release|Win32
		{504EFB23-EEBC-424E-B805-686FC5277A28}.Release|x86.Build.0 = Release|Win32
		{0B7E7046-1908-49AF-BE54-676DB1F4BE76}.Debug|x64.ActiveCfg = Debug|x64
		{0B7E7046-1908-49AF-BE54-676DB1F4BE76}.Debug|x64.Build.0 = Debug|x64
		{0B7E7046-1908-49AF-BE54-676DB1F4BE76}.Debug|x86.ActiveCfg = Debug|Win32
		{0B7E7046-1908-49AF-BE54-676DB1F4BE76}.Debug|x86.Build.0 = Debug|Win32
		{0B7E7046-1908-49AF-BE54-676DB1F4BE76}.Release|x64.ActiveCfg = Release|x64
		{0B7E7046-1908-49AF-BE54-676DB1F4BE76}.Release|x64.Build.0 = Release|x64
		{0B7E7046-1908-49AF-BE54-676DB1F4BE76}.Release|x86.ActiveCfg = Release|Win32
		{0B7E7046-1908-49AF-BE54-676DB1F4BE76}.Release|x86.Build.0 = Release|Win32
		{B625F51A-D683-43BB-8678-7CD7347D6704}.Debug|x64.ActiveCfg = Debug|x64
		{B625F51A-D683-43BB-8678-7CD7347D6704}.Debug|x64.Build.0 = Debug|x64
		{B625F51A-D683-43BB-8678-7CD7347D6704}.Debug|x86.ActiveCfg = Debug|Win32
		{B625F51A-D683-43BB-8678-7CD7347D6704}.Debug|x86.Build.0 = Debug|Win32
		{B625F51A-D683-43BB-8678-7CD7347D6704}.Release|x64.ActiveCfg = Release|x64
		{B625F51A-D683-43BB-8678-7CD7347D6704}.Release|x64.Build.0 = Release|x64
		{B625F51A-D683-43BB-8678-7CD7347D6704}.Release|x86.ActiveCfg = Release|Win32
		{B625F51A-D683-43BB-8678-7CD7347D6704}.Release|x86.Build.0 = Release|Win32
		{84ADB2A2-1728-4CE7-9F25-26180AA24F1E}.Debug|x64.ActiveCfg = Debug|x64
		{84ADB2A2-1728-4CE7-9F25-26180AA24F1E}.Debug|x64.Build.0 = Debug|x64
		{84ADB2A2-1728-4CE7-9F25-26180AA24F1E}.Debug|x86.ActiveCfg = Debug|Win32
		{84ADB2A2-1728-4CE7-9F25-26180AA24F1E}.Debug|x86.Build.0 = Debug|Win32
		{84ADB2A2-1728-4CE7-9F25-26180AA24F1E}.Release|x64.ActiveCfg = Release|x64
		{84ADB2A2-1728-4CE7-9F25-26180AA24F1E}.Release|x64.Build.0 = Release|x64
		{84ADB2A2-1728-4CE7-9F25-26180AA24F1E}.Release|x86.ActiveCfg = Release|Win32
		{84ADB2A2-1728-4CE7-9F25-26180AA24F1E}.Release|x86.Build.0 = Release|Win32
	EndGlobalSection
	GlobalSection(SolutionProperties) = preSolution
		HideSolutionNode = FALSE
	EndGlobalSection
	GlobalSection(NestedProjects) = preSolution
		{910C4829-62CE-4F98-B13F-274223D5FCA8} = {48756675-A7B9-40BF-9559-0B8F8AD66A00}
		{B95547EE-C902-4534-9E80-5A2F952396D5} = {48756675-A7B9-40BF-9559-0B8F8AD66A00}
		{9B8ECA0A-2183-437A-B52F-D7C1F2EF2FDC} = {83BDD5DE-8D5D-41EF-8EA3-D53B66D381D3}
		{6D23E107-803B-47D3-880F-76723F293BA6} = {83BDD5DE-8D5D-41EF-8EA3-D53B66D381D3}
		{060415DB-0374-498A-996A-AA5031A312F4} = {910C4829-62CE-4F98-B13F-274223D5FCA8}
		{0DB46DC3-CA72-4465-A234-3925C676DD4E} = {910C4829-62CE-4F98-B13F-274223D5FCA8}
		{788DD554-9873-4C75-897B-4679A54E026E} = {7F827DAD-ACA3-4563-8CD7-3C7776624282}
		{8312D807-756C-448F-B30B-A872C9DFC9CD} = {788DD554-9873-4C75-897B-4679A54E026E}
		{C23AD02C-8904-480F-9F2E-EE65B2800026} = {788DD554-9873-4C75-897B-4679A54E026E}
		{C9388F34-FACC-4524-98DB-4A7EBFDD3EB2} = {7F827DAD-ACA3-4563-8CD7-3C7776624282}
		{4D79CCD7-C3F2-4334-B91D-58D4E4658B58} = {C9388F34-FACC-4524-98DB-4A7EBFDD3EB2}
		{A1C93D6A-75EF-4703-ACAD-E88613FE60CE} = {C9388F34-FACC-4524-98DB-4A7EBFDD3EB2}
		{D9E0D68C-5E12-4062-BF01-1CE733EC618A} = {C9388F34-FACC-4524-98DB-4A7EBFDD3EB2}
		{B656419E-E744-4F09-8F88-7A99DE7A776A} = {C9388F34-FACC-4524-98DB-4A7EBFDD3EB2}
		{CAD67B69-133C-453E-9CCA-02FE352098C7} = {C9388F34-FACC-4524-98DB-4A7EBFDD3EB2}
		{B6A35C21-CA6C-444D-A813-CBED6F7D64BE} = {7F827DAD-ACA3-4563-8CD7-3C7776624282}
		{72A02BEF-BB41-4008-A92A-B93AADAC311A} = {B6A35C21-CA6C-444D-A813-CBED6F7D64BE}
		{03E9C64B-D7BB-40F9-8552-55FCD86FC4AB} = {B6A35C21-CA6C-444D-A813-CBED6F7D64BE}
		{896E8264-72F7-4A06-A1A7-5653C2EE8BCC} = {B6A35C21-CA6C-444D-A813-CBED6F7D64BE}
		{90A9F2BB-1A31-42E3-8D5E-9EFDC069284A} = {B6A35C21-CA6C-444D-A813-CBED6F7D64BE}
		{AA04F8DF-D161-42F2-A8F5-784EF4A06F2E} = {B6A35C21-CA6C-444D-A813-CBED6F7D64BE}
		{4386C35D-9614-4D5B-8AE7-2F4DE027586B} = {B6A35C21-CA6C-444D-A813-CBED6F7D64BE}
		{8889C275-5D03-4490-919B-6FB2F698EE4B} = {B6A35C21-CA6C-444D-A813-CBED6F7D64BE}
		{4673BABE-DAC2-4922-AD1C-74A8D5B5373D} = {7F827DAD-ACA3-4563-8CD7-3C7776624282}
		{0E45C9B7-FAC6-4AC0-8CA5-C66DA2478E4C} = {4673BABE-DAC2-4922-AD1C-74A8D5B5373D}
		{968C2985-BD87-47CE-B5F9-377EFD940950} = {4673BABE-DAC2-4922-AD1C-74A8D5B5373D}
		{02BA13E4-FB12-4B28-B69A-70A9843B97B5} = {4673BABE-DAC2-4922-AD1C-74A8D5B5373D}
		{1254CFF5-9A41-450A-ACA1-A3FA9CEEA357} = {4673BABE-DAC2-4922-AD1C-74A8D5B5373D}
		{45626C97-6B33-4A3F-8CBB-3A9333270BA9} = {910C4829-62CE-4F98-B13F-274223D5FCA8}
		{3330DD21-C9B1-49DE-BE8C-BBD6DB924AF9} = {910C4829-62CE-4F98-B13F-274223D5FCA8}
		{B2C10595-9AA2-4033-9A75-F202B0348755} = {910C4829-62CE-4F98-B13F-274223D5FCA8}
		{8B307D3E-C025-45F0-8E3B-8697361EB2FE} = {910C4829-62CE-4F98-B13F-274223D5FCA8}
		{6B48EAA9-2A0E-4E42-A45D-7146CBA0AF40} = {7F827DAD-ACA3-4563-8CD7-3C7776624282}
		{494F3FC3-47F4-4574-B977-259A3012E1EE} = {6B48EAA9-2A0E-4E42-A45D-7146CBA0AF40}
		{20C8B446-1743-4DF0-A03A-61C5E83DA68B} = {6B48EAA9-2A0E-4E42-A45D-7146CBA0AF40}
		{DBE605E2-A826-49BA-8A77-84E5BADBF25E} = {6B48EAA9-2A0E-4E42-A45D-7146CBA0AF40}
		{75D3F771-88CB-456A-B31F-12005C7D2E3D} = {6B48EAA9-2A0E-4E42-A45D-7146CBA0AF40}
		{CCD74995-507D-4048-82DB-DF52E060DCE7} = {7F827DAD-ACA3-4563-8CD7-3C7776624282}
		{FE793F24-272B-44E3-AE8B-7257E047400A} = {CCD74995-507D-4048-82DB-DF52E060DCE7}
		{2AC25FC9-2D4E-47BF-9D07-7BE2E100C7A9} = {CCD74995-507D-4048-82DB-DF52E060DCE7}
		{E5997A7C-8A65-48AA-831D-FF38A492151C} = {7F827DAD-ACA3-4563-8CD7-3C7776624282}
		{53A790BE-0998-4B8A-8B5E-A70AEF525297} = {E5997A7C-8A65-48AA-831D-FF38A492151C}
		{7921E64F-FC83-4B8C-A37B-F4B8519E52F6} = {E5997A7C-8A65-48AA-831D-FF38A492151C}
		{A0CDDA5F-5E22-494A-82BF-CBDDD0976363} = {E5997A7C-8A65-48AA-831D-FF38A492151C}
		{9E18D09C-70C6-4DC1-8785-86C97D74FD7B} = {7F827DAD-ACA3-4563-8CD7-3C7776624282}
		{5E397ED6-3CB1-4DDE-B858-AF5A70967651} = {9E18D09C-70C6-4DC1-8785-86C97D74FD7B}
		{88ED498A-C8BA-4520-A498-BBE33B9576B1} = {9E18D09C-70C6-4DC1-8785-86C97D74FD7B}
		{06FB916D-4923-4246-9277-E2DEEFB9A7E8} = {9E18D09C-70C6-4DC1-8785-86C97D74FD7B}
		{920998A1-6991-42B4-8E72-6A2938C75869} = {7F827DAD-ACA3-4563-8CD7-3C7776624282}
		{D624F3F3-7179-4982-899F-16878F640CDA} = {920998A1-6991-42B4-8E72-6A2938C75869}
		{42BA7384-C648-4ED6-98B8-6D9C4A275A2A} = {7F827DAD-ACA3-4563-8CD7-3C7776624282}
		{4412FA9E-22D8-43B0-B804-2E203168793C} = {42BA7384-C648-4ED6-98B8-6D9C4A275A2A}
		{283BE23E-8EAD-4078-9876-CE7724AC4C31} = {9B8ECA0A-2183-437A-B52F-D7C1F2EF2FDC}
		{DB9AB6E4-6181-4B03-B495-86C2819CE9F3} = {6ADF974B-BD30-4A32-BD03-26C8E28ADB0E}
		{8D1FBBFF-D681-4163-B0C6-A7DBB8205FA1} = {DB9AB6E4-6181-4B03-B495-86C2819CE9F3}
		{AFCF948C-9C95-4C88-B55B-E2EB9E15C854} = {DB9AB6E4-6181-4B03-B495-86C2819CE9F3}
		{5AF293AD-4633-4069-BB01-6EF9F66A3236} = {DADDBFB9-7BDB-4CA2-8E84-EBB324287042}
		{4017C79C-66C6-4A99-BEE5-01E95CAF041D} = {5AF293AD-4633-4069-BB01-6EF9F66A3236}
		{A24C2E04-44C9-49B2-B109-C739CD9A0802} = {F89E88A2-2768-4A65-A807-EE697E15DA45}
		{83DF4364-B32B-43E7-BD4B-76DC5530762D} = {A24C2E04-44C9-49B2-B109-C739CD9A0802}
		{3ABE650F-4C06-4747-B9F2-8FC57600B0D0} = {A24C2E04-44C9-49B2-B109-C739CD9A0802}
		{9CB174C8-029D-496C-8890-9228CB6FF7D7} = {A24C2E04-44C9-49B2-B109-C739CD9A0802}
		{853F4A98-D45C-45A7-BC2B-9C720BCAFBF9} = {5FA7881D-2739-411C-A432-E17D1D9FDE16}
		{E593F4DE-2E4E-4A67-AC40-20D3FC82BE77} = {853F4A98-D45C-45A7-BC2B-9C720BCAFBF9}
		{BA8D991D-8FA5-4EF0-9691-4A0B2256C9E2} = {853F4A98-D45C-45A7-BC2B-9C720BCAFBF9}
		{E038D7E0-274C-4A16-BDF4-577CB65F8CAD} = {853F4A98-D45C-45A7-BC2B-9C720BCAFBF9}
		{C06C05C9-EA4D-437F-A0EE-931D0BA0BD3E} = {47A6C72F-251D-4B84-A8CC-2D10FFCFE383}
		{504EFB23-EEBC-424E-B805-686FC5277A28} = {C06C05C9-EA4D-437F-A0EE-931D0BA0BD3E}
		{0B7E7046-1908-49AF-BE54-676DB1F4BE76} = {C06C05C9-EA4D-437F-A0EE-931D0BA0BD3E}
		{68AC36FE-2292-4423-9925-3D819A720DB0} = {67311D1D-3DF7-47FE-BD92-0CCC900A7E95}
		{B625F51A-D683-43BB-8678-7CD7347D6704} = {68AC36FE-2292-4423-9925-3D819A720DB0}
		{84ADB2A2-1728-4CE7-9F25-26180AA24F1E} = {68AC36FE-2292-4423-9925-3D819A720DB0}
	EndGlobalSection
	GlobalSection(ExtensibilityGlobals) = postSolution
		SolutionGuid = {F0AF29E0-D611-47D9-86D3-65861526514A}
	EndGlobalSection
EndGlobal
