
Microsoft Visual Studio Solution File, Format Version 12.00
# Visual Studio Version 17
VisualStudioVersion = 17.10.34916.146
MinimumVisualStudioVersion = 10.0.40219.1
Project("{2150E333-8FDC-42A3-9474-1A3956D46DE8}") = "Урок_14", "Урок_14", "{48756675-A7B9-40BF-9559-0B8F8AD66A00}"
EndProject
Project("{2150E333-8FDC-42A3-9474-1A3956D46DE8}") = "Урок_15", "Урок_15", "{83BDD5DE-8D5D-41EF-8EA3-D53B66D381D3}"
EndProject
Project("{2150E333-8FDC-42A3-9474-1A3956D46DE8}") = "Дз", "Дз", "{910C4829-62CE-4F98-B13F-274223D5FCA8}"
EndProject
Project("{2150E333-8FDC-42A3-9474-1A3956D46DE8}") = "Ср", "Ср", "{B95547EE-C902-4534-9E80-5A2F952396D5}"
EndProject
Project("{2150E333-8FDC-42A3-9474-1A3956D46DE8}") = "Дз", "Дз", "{9B8ECA0A-2183-437A-B52F-D7C1F2EF2FDC}"
EndProject
Project("{2150E333-8FDC-42A3-9474-1A3956D46DE8}") = "Ср", "Ср", "{6D23E107-803B-47D3-880F-76723F293BA6}"
EndProject
Project("{8BC9CEB8-8B4A-11D0-8D11-00A0C91BC942}") = "Task_1", "Урок_14\Дз\Task_1\Task_1.vcxproj", "{060415DB-0374-498A-996A-AA5031A312F4}"
EndProject
Project("{8BC9CEB8-8B4A-11D0-8D11-00A0C91BC942}") = "Task_2", "Урок_14\Дз\Task_2\Task_2.vcxproj", "{0DB46DC3-CA72-4465-A234-3925C676DD4E}"
EndProject
Project("{2150E333-8FDC-42A3-9474-1A3956D46DE8}") = "Старые_проекты", "Старые_проекты", "{7F827DAD-ACA3-4563-8CD7-3C7776624282}"
EndProject
Project("{2150E333-8FDC-42A3-9474-1A3956D46DE8}") = "Неделя_4", "Неделя_4", "{788DD554-9873-4C75-897B-4679A54E026E}"
EndProject
Project("{8BC9CEB8-8B4A-11D0-8D11-00A0C91BC942}") = "Task_1", "Старые_проекты\Неделя_4\Task_1\Task_1.vcxproj", "{8312D807-756C-448F-B30B-A872C9DFC9CD}"
EndProject
Project("{8BC9CEB8-8B4A-11D0-8D11-00A0C91BC942}") = "Task_2", "Старые_проекты\Неделя_4\Task_2\Task_2.vcxproj", "{C23AD02C-8904-480F-9F2E-EE65B2800026}"
EndProject
Project("{2150E333-8FDC-42A3-9474-1A3956D46DE8}") = "Неделя_6_1", "Неделя_6_1", "{C9388F34-FACC-4524-98DB-4A7EBFDD3EB2}"
EndProject
Project("{8BC9CEB8-8B4A-11D0-8D11-00A0C91BC942}") = "Task_1", "Старые_проекты\Неделя_6_1\Task_1\Task_1.vcxproj", "{4D79CCD7-C3F2-4334-B91D-58D4E4658B58}"
EndProject
Project("{8BC9CEB8-8B4A-11D0-8D11-00A0C91BC942}") = "Task_2", "Старые_проекты\Неделя_6_1\Task_2\Task_2.vcxproj", "{A1C93D6A-75EF-4703-ACAD-E88613FE60CE}"
EndProject
Project("{8BC9CEB8-8B4A-11D0-8D11-00A0C91BC942}") = "Task_3", "Старые_проекты\Неделя_6_1\Task_3\Task_3.vcxproj", "{D9E0D68C-5E12-4062-BF01-1CE733EC618A}"
EndProject
Project("{8BC9CEB8-8B4A-11D0-8D11-00A0C91BC942}") = "Task_4", "Старые_проекты\Неделя_6_1\Task_4\Task_4.vcxproj", "{B656419E-E744-4F09-8F88-7A99DE7A776A}"
EndProject
Project("{8BC9CEB8-8B4A-11D0-8D11-00A0C91BC942}") = "Task_5", "Старые_проекты\Неделя_6_1\Task_5\Task_5.vcxproj", "{CAD67B69-133C-453E-9CCA-02FE352098C7}"
EndProject
Project("{2150E333-8FDC-42A3-9474-1A3956D46DE8}") = "Неделя_6_2", "Неделя_6_2", "{B6A35C21-CA6C-444D-A813-CBED6F7D64BE}"
EndProject
Project("{8BC9CEB8-8B4A-11D0-8D11-00A0C91BC942}") = "Task_1", "Старые_проекты\Неделя_6_2\Task_1\Task_1.vcxproj", "{72A02BEF-BB41-4008-A92A-B93AADAC311A}"
EndProject
Project("{8BC9CEB8-8B4A-11D0-8D11-00A0C91BC942}") = "Task_2", "Старые_проекты\Неделя_6_2\Task_2\Task_2.vcxproj", "{03E9C64B-D7BB-40F9-8552-55FCD86FC4AB}"
EndProject
Project("{8BC9CEB8-8B4A-11D0-8D11-00A0C91BC942}") = "Task_3", "Старые_проекты\Неделя_6_2\Task_3\Task_3.vcxproj", "{896E8264-72F7-4A06-A1A7-5653C2EE8BCC}"
EndProject
Project("{8BC9CEB8-8B4A-11D0-8D11-00A0C91BC942}") = "Task_4", "Старые_проекты\Неделя_6_2\Task_4\Task_4.vcxproj", "{90A9F2BB-1A31-42E3-8D5E-9EFDC069284A}"
EndProject
Project("{8BC9CEB8-8B4A-11D0-8D11-00A0C91BC942}") = "Task_5", "Старые_проекты\Неделя_6_2\Task_5\Task_5.vcxproj", "{AA04F8DF-D161-42F2-A8F5-784EF4A06F2E}"
EndProject
Project("{8BC9CEB8-8B4A-11D0-8D11-00A0C91BC942}") = "Task_6", "Старые_проекты\Неделя_6_2\Task_6\Task_6.vcxproj", "{4386C35D-9614-4D5B-8AE7-2F4DE027586B}"
EndProject
Project("{8BC9CEB8-8B4A-11D0-8D11-00A0C91BC942}") = "Task_7", "Старые_проекты\Неделя_6_2\Task_7\Task_7.vcxproj", "{8889C275-5D03-4490-919B-6FB2F698EE4B}"
EndProject
Project("{2150E333-8FDC-42A3-9474-1A3956D46DE8}") = "Неделя_8", "Неделя_8", "{4673BABE-DAC2-4922-AD1C-74A8D5B5373D}"
EndProject
Project("{8BC9CEB8-8B4A-11D0-8D11-00A0C91BC942}") = "Task_1", "Старые_проекты\Неделя_8\Task_1\Task_1.vcxproj", "{0E45C9B7-FAC6-4AC0-8CA5-C66DA2478E4C}"
EndProject
Project("{8BC9CEB8-8B4A-11D0-8D11-00A0C91BC942}") = "Task_2", "Старые_проекты\Неделя_8\Task_2\Task_2.vcxproj", "{968C2985-BD87-47CE-B5F9-377EFD940950}"
EndProject
Project("{8BC9CEB8-8B4A-11D0-8D11-00A0C91BC942}") = "Task_3", "Старые_проекты\Неделя_8\Task_3\Task_3.vcxproj", "{02BA13E4-FB12-4B28-B69A-70A9843B97B5}"
EndProject
Project("{8BC9CEB8-8B4A-11D0-8D11-00A0C91BC942}") = "Task_4", "Старые_проекты\Неделя_8\Task_4\Task_4.vcxproj", "{1254CFF5-9A41-450A-ACA1-A3FA9CEEA357}"
EndProject
Project("{8BC9CEB8-8B4A-11D0-8D11-00A0C91BC942}") = "Task_3", "Урок_14\Дз\Task_3\Task_3.vcxproj", "{45626C97-6B33-4A3F-8CBB-3A9333270BA9}"
EndProject
Project("{8BC9CEB8-8B4A-11D0-8D11-00A0C91BC942}") = "Task_4", "Урок_14\Дз\Task_4\Task_4.vcxproj", "{3330DD21-C9B1-49DE-BE8C-BBD6DB924AF9}"
EndProject
Project("{8BC9CEB8-8B4A-11D0-8D11-00A0C91BC942}") = "Task_5", "Урок_14\Дз\Task_5\Task_5.vcxproj", "{B2C10595-9AA2-4033-9A75-F202B0348755}"
EndProject
Project("{8BC9CEB8-8B4A-11D0-8D11-00A0C91BC942}") = "Task_6", "Урок_14\Дз\Task_6\Task_6.vcxproj", "{8B307D3E-C025-45F0-8E3B-8697361EB2FE}"
EndProject
Global
	GlobalSection(SolutionConfigurationPlatforms) = preSolution
		Debug|x64 = Debug|x64
		Debug|x86 = Debug|x86
		Release|x64 = Release|x64
		Release|x86 = Release|x86
	EndGlobalSection
	GlobalSection(ProjectConfigurationPlatforms) = postSolution
		{060415DB-0374-498A-996A-AA5031A312F4}.Debug|x64.ActiveCfg = Debug|x64
		{060415DB-0374-498A-996A-AA5031A312F4}.Debug|x64.Build.0 = Debug|x64
		{060415DB-0374-498A-996A-AA5031A312F4}.Debug|x86.ActiveCfg = Debug|Win32
		{060415DB-0374-498A-996A-AA5031A312F4}.Debug|x86.Build.0 = Debug|Win32
		{060415DB-0374-498A-996A-AA5031A312F4}.Release|x64.ActiveCfg = Release|x64
		{060415DB-0374-498A-996A-AA5031A312F4}.Release|x64.Build.0 = Release|x64
		{060415DB-0374-498A-996A-AA5031A312F4}.Release|x86.ActiveCfg = Release|Win32
		{060415DB-0374-498A-996A-AA5031A312F4}.Release|x86.Build.0 = Release|Win32
		{0DB46DC3-CA72-4465-A234-3925C676DD4E}.Debug|x64.ActiveCfg = Debug|x64
		{0DB46DC3-CA72-4465-A234-3925C676DD4E}.Debug|x64.Build.0 = Debug|x64
		{0DB46DC3-CA72-4465-A234-3925C676DD4E}.Debug|x86.ActiveCfg = Debug|Win32
		{0DB46DC3-CA72-4465-A234-3925C676DD4E}.Debug|x86.Build.0 = Debug|Win32
		{0DB46DC3-CA72-4465-A234-3925C676DD4E}.Release|x64.ActiveCfg = Release|x64
		{0DB46DC3-CA72-4465-A234-3925C676DD4E}.Release|x64.Build.0 = Release|x64
		{0DB46DC3-CA72-4465-A234-3925C676DD4E}.Release|x86.ActiveCfg = Release|Win32
		{0DB46DC3-CA72-4465-A234-3925C676DD4E}.Release|x86.Build.0 = Release|Win32
		{8312D807-756C-448F-B30B-A872C9DFC9CD}.Debug|x64.ActiveCfg = Debug|x64
		{8312D807-756C-448F-B30B-A872C9DFC9CD}.Debug|x64.Build.0 = Debug|x64
		{8312D807-756C-448F-B30B-A872C9DFC9CD}.Debug|x86.ActiveCfg = Debug|Win32
		{8312D807-756C-448F-B30B-A872C9DFC9CD}.Debug|x86.Build.0 = Debug|Win32
		{8312D807-756C-448F-B30B-A872C9DFC9CD}.Release|x64.ActiveCfg = Release|x64
		{8312D807-756C-448F-B30B-A872C9DFC9CD}.Release|x64.Build.0 = Release|x64
		{8312D807-756C-448F-B30B-A872C9DFC9CD}.Release|x86.ActiveCfg = Release|Win32
		{8312D807-756C-448F-B30B-A872C9DFC9CD}.Release|x86.Build.0 = Release|Win32
		{C23AD02C-8904-480F-9F2E-EE65B2800026}.Debug|x64.ActiveCfg = Debug|x64
		{C23AD02C-8904-480F-9F2E-EE65B2800026}.Debug|x64.Build.0 = Debug|x64
		{C23AD02C-8904-480F-9F2E-EE65B2800026}.Debug|x86.ActiveCfg = Debug|Win32
		{C23AD02C-8904-480F-9F2E-EE65B2800026}.Debug|x86.Build.0 = Debug|Win32
		{C23AD02C-8904-480F-9F2E-EE65B2800026}.Release|x64.ActiveCfg = Release|x64
		{C23AD02C-8904-480F-9F2E-EE65B2800026}.Release|x64.Build.0 = Release|x64
		{C23AD02C-8904-480F-9F2E-EE65B2800026}.Release|x86.ActiveCfg = Release|Win32
		{C23AD02C-8904-480F-9F2E-EE65B2800026}.Release|x86.Build.0 = Release|Win32
		{4D79CCD7-C3F2-4334-B91D-58D4E4658B58}.Debug|x64.ActiveCfg = Debug|x64
		{4D79CCD7-C3F2-4334-B91D-58D4E4658B58}.Debug|x64.Build.0 = Debug|x64
		{4D79CCD7-C3F2-4334-B91D-58D4E4658B58}.Debug|x86.ActiveCfg = Debug|Win32
		{4D79CCD7-C3F2-4334-B91D-58D4E4658B58}.Debug|x86.Build.0 = Debug|Win32
		{4D79CCD7-C3F2-4334-B91D-58D4E4658B58}.Release|x64.ActiveCfg = Release|x64
		{4D79CCD7-C3F2-4334-B91D-58D4E4658B58}.Release|x64.Build.0 = Release|x64
		{4D79CCD7-C3F2-4334-B91D-58D4E4658B58}.Release|x86.ActiveCfg = Release|Win32
		{4D79CCD7-C3F2-4334-B91D-58D4E4658B58}.Release|x86.Build.0 = Release|Win32
		{A1C93D6A-75EF-4703-ACAD-E88613FE60CE}.Debug|x64.ActiveCfg = Debug|x64
		{A1C93D6A-75EF-4703-ACAD-E88613FE60CE}.Debug|x64.Build.0 = Debug|x64
		{A1C93D6A-75EF-4703-ACAD-E88613FE60CE}.Debug|x86.ActiveCfg = Debug|Win32
		{A1C93D6A-75EF-4703-ACAD-E88613FE60CE}.Debug|x86.Build.0 = Debug|Win32
		{A1C93D6A-75EF-4703-ACAD-E88613FE60CE}.Release|x64.ActiveCfg = Release|x64
		{A1C93D6A-75EF-4703-ACAD-E88613FE60CE}.Release|x64.Build.0 = Release|x64
		{A1C93D6A-75EF-4703-ACAD-E88613FE60CE}.Release|x86.ActiveCfg = Release|Win32
		{A1C93D6A-75EF-4703-ACAD-E88613FE60CE}.Release|x86.Build.0 = Release|Win32
		{D9E0D68C-5E12-4062-BF01-1CE733EC618A}.Debug|x64.ActiveCfg = Debug|x64
		{D9E0D68C-5E12-4062-BF01-1CE733EC618A}.Debug|x64.Build.0 = Debug|x64
		{D9E0D68C-5E12-4062-BF01-1CE733EC618A}.Debug|x86.ActiveCfg = Debug|Win32
		{D9E0D68C-5E12-4062-BF01-1CE733EC618A}.Debug|x86.Build.0 = Debug|Win32
		{D9E0D68C-5E12-4062-BF01-1CE733EC618A}.Release|x64.ActiveCfg = Release|x64
		{D9E0D68C-5E12-4062-BF01-1CE733EC618A}.Release|x64.Build.0 = Release|x64
		{D9E0D68C-5E12-4062-BF01-1CE733EC618A}.Release|x86.ActiveCfg = Release|Win32
		{D9E0D68C-5E12-4062-BF01-1CE733EC618A}.Release|x86.Build.0 = Release|Win32
		{B656419E-E744-4F09-8F88-7A99DE7A776A}.Debug|x64.ActiveCfg = Debug|x64
		{B656419E-E744-4F09-8F88-7A99DE7A776A}.Debug|x64.Build.0 = Debug|x64
		{B656419E-E744-4F09-8F88-7A99DE7A776A}.Debug|x86.ActiveCfg = Debug|Win32
		{B656419E-E744-4F09-8F88-7A99DE7A776A}.Debug|x86.Build.0 = Debug|Win32
		{B656419E-E744-4F09-8F88-7A99DE7A776A}.Release|x64.ActiveCfg = Release|x64
		{B656419E-E744-4F09-8F88-7A99DE7A776A}.Release|x64.Build.0 = Release|x64
		{B656419E-E744-4F09-8F88-7A99DE7A776A}.Release|x86.ActiveCfg = Release|Win32
		{B656419E-E744-4F09-8F88-7A99DE7A776A}.Release|x86.Build.0 = Release|Win32
		{CAD67B69-133C-453E-9CCA-02FE352098C7}.Debug|x64.ActiveCfg = Debug|x64
		{CAD67B69-133C-453E-9CCA-02FE352098C7}.Debug|x64.Build.0 = Debug|x64
		{CAD67B69-133C-453E-9CCA-02FE352098C7}.Debug|x86.ActiveCfg = Debug|Win32
		{CAD67B69-133C-453E-9CCA-02FE352098C7}.Debug|x86.Build.0 = Debug|Win32
		{CAD67B69-133C-453E-9CCA-02FE352098C7}.Release|x64.ActiveCfg = Release|x64
		{CAD67B69-133C-453E-9CCA-02FE352098C7}.Release|x64.Build.0 = Release|x64
		{CAD67B69-133C-453E-9CCA-02FE352098C7}.Release|x86.ActiveCfg = Release|Win32
		{CAD67B69-133C-453E-9CCA-02FE352098C7}.Release|x86.Build.0 = Release|Win32
		{72A02BEF-BB41-4008-A92A-B93AADAC311A}.Debug|x64.ActiveCfg = Debug|x64
		{72A02BEF-BB41-4008-A92A-B93AADAC311A}.Debug|x64.Build.0 = Debug|x64
		{72A02BEF-BB41-4008-A92A-B93AADAC311A}.Debug|x86.ActiveCfg = Debug|Win32
		{72A02BEF-BB41-4008-A92A-B93AADAC311A}.Debug|x86.Build.0 = Debug|Win32
		{72A02BEF-BB41-4008-A92A-B93AADAC311A}.Release|x64.ActiveCfg = Release|x64
		{72A02BEF-BB41-4008-A92A-B93AADAC311A}.Release|x64.Build.0 = Release|x64
		{72A02BEF-BB41-4008-A92A-B93AADAC311A}.Release|x86.ActiveCfg = Release|Win32
		{72A02BEF-BB41-4008-A92A-B93AADAC311A}.Release|x86.Build.0 = Release|Win32
		{03E9C64B-D7BB-40F9-8552-55FCD86FC4AB}.Debug|x64.ActiveCfg = Debug|x64
		{03E9C64B-D7BB-40F9-8552-55FCD86FC4AB}.Debug|x64.Build.0 = Debug|x64
		{03E9C64B-D7BB-40F9-8552-55FCD86FC4AB}.Debug|x86.ActiveCfg = Debug|Win32
		{03E9C64B-D7BB-40F9-8552-55FCD86FC4AB}.Debug|x86.Build.0 = Debug|Win32
		{03E9C64B-D7BB-40F9-8552-55FCD86FC4AB}.Release|x64.ActiveCfg = Release|x64
		{03E9C64B-D7BB-40F9-8552-55FCD86FC4AB}.Release|x64.Build.0 = Release|x64
		{03E9C64B-D7BB-40F9-8552-55FCD86FC4AB}.Release|x86.ActiveCfg = Release|Win32
		{03E9C64B-D7BB-40F9-8552-55FCD86FC4AB}.Release|x86.Build.0 = Release|Win32
		{896E8264-72F7-4A06-A1A7-5653C2EE8BCC}.Debug|x64.ActiveCfg = Debug|x64
		{896E8264-72F7-4A06-A1A7-5653C2EE8BCC}.Debug|x64.Build.0 = Debug|x64
		{896E8264-72F7-4A06-A1A7-5653C2EE8BCC}.Debug|x86.ActiveCfg = Debug|Win32
		{896E8264-72F7-4A06-A1A7-5653C2EE8BCC}.Debug|x86.Build.0 = Debug|Win32
		{896E8264-72F7-4A06-A1A7-5653C2EE8BCC}.Release|x64.ActiveCfg = Release|x64
		{896E8264-72F7-4A06-A1A7-5653C2EE8BCC}.Release|x64.Build.0 = Release|x64
		{896E8264-72F7-4A06-A1A7-5653C2EE8BCC}.Release|x86.ActiveCfg = Release|Win32
		{896E8264-72F7-4A06-A1A7-5653C2EE8BCC}.Release|x86.Build.0 = Release|Win32
		{90A9F2BB-1A31-42E3-8D5E-9EFDC069284A}.Debug|x64.ActiveCfg = Debug|x64
		{90A9F2BB-1A31-42E3-8D5E-9EFDC069284A}.Debug|x64.Build.0 = Debug|x64
		{90A9F2BB-1A31-42E3-8D5E-9EFDC069284A}.Debug|x86.ActiveCfg = Debug|Win32
		{90A9F2BB-1A31-42E3-8D5E-9EFDC069284A}.Debug|x86.Build.0 = Debug|Win32
		{90A9F2BB-1A31-42E3-8D5E-9EFDC069284A}.Release|x64.ActiveCfg = Release|x64
		{90A9F2BB-1A31-42E3-8D5E-9EFDC069284A}.Release|x64.Build.0 = Release|x64
		{90A9F2BB-1A31-42E3-8D5E-9EFDC069284A}.Release|x86.ActiveCfg = Release|Win32
		{90A9F2BB-1A31-42E3-8D5E-9EFDC069284A}.Release|x86.Build.0 = Release|Win32
		{AA04F8DF-D161-42F2-A8F5-784EF4A06F2E}.Debug|x64.ActiveCfg = Debug|x64
		{AA04F8DF-D161-42F2-A8F5-784EF4A06F2E}.Debug|x64.Build.0 = Debug|x64
		{AA04F8DF-D161-42F2-A8F5-784EF4A06F2E}.Debug|x86.ActiveCfg = Debug|Win32
		{AA04F8DF-D161-42F2-A8F5-784EF4A06F2E}.Debug|x86.Build.0 = Debug|Win32
		{AA04F8DF-D161-42F2-A8F5-784EF4A06F2E}.Release|x64.ActiveCfg = Release|x64
		{AA04F8DF-D161-42F2-A8F5-784EF4A06F2E}.Release|x64.Build.0 = Release|x64
		{AA04F8DF-D161-42F2-A8F5-784EF4A06F2E}.Release|x86.ActiveCfg = Release|Win32
		{AA04F8DF-D161-42F2-A8F5-784EF4A06F2E}.Release|x86.Build.0 = Release|Win32
		{4386C35D-9614-4D5B-8AE7-2F4DE027586B}.Debug|x64.ActiveCfg = Debug|x64
		{4386C35D-9614-4D5B-8AE7-2F4DE027586B}.Debug|x64.Build.0 = Debug|x64
		{4386C35D-9614-4D5B-8AE7-2F4DE027586B}.Debug|x86.ActiveCfg = Debug|Win32
		{4386C35D-9614-4D5B-8AE7-2F4DE027586B}.Debug|x86.Build.0 = Debug|Win32
		{4386C35D-9614-4D5B-8AE7-2F4DE027586B}.Release|x64.ActiveCfg = Release|x64
		{4386C35D-9614-4D5B-8AE7-2F4DE027586B}.Release|x64.Build.0 = Release|x64
		{4386C35D-9614-4D5B-8AE7-2F4DE027586B}.Release|x86.ActiveCfg = Release|Win32
		{4386C35D-9614-4D5B-8AE7-2F4DE027586B}.Release|x86.Build.0 = Release|Win32
		{8889C275-5D03-4490-919B-6FB2F698EE4B}.Debug|x64.ActiveCfg = Debug|x64
		{8889C275-5D03-4490-919B-6FB2F698EE4B}.Debug|x64.Build.0 = Debug|x64
		{8889C275-5D03-4490-919B-6FB2F698EE4B}.Debug|x86.ActiveCfg = Debug|Win32
		{8889C275-5D03-4490-919B-6FB2F698EE4B}.Debug|x86.Build.0 = Debug|Win32
		{8889C275-5D03-4490-919B-6FB2F698EE4B}.Release|x64.ActiveCfg = Release|x64
		{8889C275-5D03-4490-919B-6FB2F698EE4B}.Release|x64.Build.0 = Release|x64
		{8889C275-5D03-4490-919B-6FB2F698EE4B}.Release|x86.ActiveCfg = Release|Win32
		{8889C275-5D03-4490-919B-6FB2F698EE4B}.Release|x86.Build.0 = Release|Win32
		{0E45C9B7-FAC6-4AC0-8CA5-C66DA2478E4C}.Debug|x64.ActiveCfg = Debug|x64
		{0E45C9B7-FAC6-4AC0-8CA5-C66DA2478E4C}.Debug|x64.Build.0 = Debug|x64
		{0E45C9B7-FAC6-4AC0-8CA5-C66DA2478E4C}.Debug|x86.ActiveCfg = Debug|Win32
		{0E45C9B7-FAC6-4AC0-8CA5-C66DA2478E4C}.Debug|x86.Build.0 = Debug|Win32
		{0E45C9B7-FAC6-4AC0-8CA5-C66DA2478E4C}.Release|x64.ActiveCfg = Release|x64
		{0E45C9B7-FAC6-4AC0-8CA5-C66DA2478E4C}.Release|x64.Build.0 = Release|x64
		{0E45C9B7-FAC6-4AC0-8CA5-C66DA2478E4C}.Release|x86.ActiveCfg = Release|Win32
		{0E45C9B7-FAC6-4AC0-8CA5-C66DA2478E4C}.Release|x86.Build.0 = Release|Win32
		{968C2985-BD87-47CE-B5F9-377EFD940950}.Debug|x64.ActiveCfg = Debug|x64
		{968C2985-BD87-47CE-B5F9-377EFD940950}.Debug|x64.Build.0 = Debug|x64
		{968C2985-BD87-47CE-B5F9-377EFD940950}.Debug|x86.ActiveCfg = Debug|Win32
		{968C2985-BD87-47CE-B5F9-377EFD940950}.Debug|x86.Build.0 = Debug|Win32
		{968C2985-BD87-47CE-B5F9-377EFD940950}.Release|x64.ActiveCfg = Release|x64
		{968C2985-BD87-47CE-B5F9-377EFD940950}.Release|x64.Build.0 = Release|x64
		{968C2985-BD87-47CE-B5F9-377EFD940950}.Release|x86.ActiveCfg = Release|Win32
		{968C2985-BD87-47CE-B5F9-377EFD940950}.Release|x86.Build.0 = Release|Win32
		{02BA13E4-FB12-4B28-B69A-70A9843B97B5}.Debug|x64.ActiveCfg = Debug|x64
		{02BA13E4-FB12-4B28-B69A-70A9843B97B5}.Debug|x64.Build.0 = Debug|x64
		{02BA13E4-FB12-4B28-B69A-70A9843B97B5}.Debug|x86.ActiveCfg = Debug|Win32
		{02BA13E4-FB12-4B28-B69A-70A9843B97B5}.Debug|x86.Build.0 = Debug|Win32
		{02BA13E4-FB12-4B28-B69A-70A9843B97B5}.Release|x64.ActiveCfg = Release|x64
		{02BA13E4-FB12-4B28-B69A-70A9843B97B5}.Release|x64.Build.0 = Release|x64
		{02BA13E4-FB12-4B28-B69A-70A9843B97B5}.Release|x86.ActiveCfg = Release|Win32
		{02BA13E4-FB12-4B28-B69A-70A9843B97B5}.Release|x86.Build.0 = Release|Win32
		{1254CFF5-9A41-450A-ACA1-A3FA9CEEA357}.Debug|x64.ActiveCfg = Debug|x64
		{1254CFF5-9A41-450A-ACA1-A3FA9CEEA357}.Debug|x64.Build.0 = Debug|x64
		{1254CFF5-9A41-450A-ACA1-A3FA9CEEA357}.Debug|x86.ActiveCfg = Debug|Win32
		{1254CFF5-9A41-450A-ACA1-A3FA9CEEA357}.Debug|x86.Build.0 = Debug|Win32
		{1254CFF5-9A41-450A-ACA1-A3FA9CEEA357}.Release|x64.ActiveCfg = Release|x64
		{1254CFF5-9A41-450A-ACA1-A3FA9CEEA357}.Release|x64.Build.0 = Release|x64
		{1254CFF5-9A41-450A-ACA1-A3FA9CEEA357}.Release|x86.ActiveCfg = Release|Win32
		{1254CFF5-9A41-450A-ACA1-A3FA9CEEA357}.Release|x86.Build.0 = Release|Win32
		{45626C97-6B33-4A3F-8CBB-3A9333270BA9}.Debug|x64.ActiveCfg = Debug|x64
		{45626C97-6B33-4A3F-8CBB-3A9333270BA9}.Debug|x64.Build.0 = Debug|x64
		{45626C97-6B33-4A3F-8CBB-3A9333270BA9}.Debug|x86.ActiveCfg = Debug|Win32
		{45626C97-6B33-4A3F-8CBB-3A9333270BA9}.Debug|x86.Build.0 = Debug|Win32
		{45626C97-6B33-4A3F-8CBB-3A9333270BA9}.Release|x64.ActiveCfg = Release|x64
		{45626C97-6B33-4A3F-8CBB-3A9333270BA9}.Release|x64.Build.0 = Release|x64
		{45626C97-6B33-4A3F-8CBB-3A9333270BA9}.Release|x86.ActiveCfg = Release|Win32
		{45626C97-6B33-4A3F-8CBB-3A9333270BA9}.Release|x86.Build.0 = Release|Win32
		{3330DD21-C9B1-49DE-BE8C-BBD6DB924AF9}.Debug|x64.ActiveCfg = Debug|x64
		{3330DD21-C9B1-49DE-BE8C-BBD6DB924AF9}.Debug|x64.Build.0 = Debug|x64
		{3330DD21-C9B1-49DE-BE8C-BBD6DB924AF9}.Debug|x86.ActiveCfg = Debug|Win32
		{3330DD21-C9B1-49DE-BE8C-BBD6DB924AF9}.Debug|x86.Build.0 = Debug|Win32
		{3330DD21-C9B1-49DE-BE8C-BBD6DB924AF9}.Release|x64.ActiveCfg = Release|x64
		{3330DD21-C9B1-49DE-BE8C-BBD6DB924AF9}.Release|x64.Build.0 = Release|x64
		{3330DD21-C9B1-49DE-BE8C-BBD6DB924AF9}.Release|x86.ActiveCfg = Release|Win32
		{3330DD21-C9B1-49DE-BE8C-BBD6DB924AF9}.Release|x86.Build.0 = Release|Win32
		{B2C10595-9AA2-4033-9A75-F202B0348755}.Debug|x64.ActiveCfg = Debug|x64
		{B2C10595-9AA2-4033-9A75-F202B0348755}.Debug|x64.Build.0 = Debug|x64
		{B2C10595-9AA2-4033-9A75-F202B0348755}.Debug|x86.ActiveCfg = Debug|Win32
		{B2C10595-9AA2-4033-9A75-F202B0348755}.Debug|x86.Build.0 = Debug|Win32
		{B2C10595-9AA2-4033-9A75-F202B0348755}.Release|x64.ActiveCfg = Release|x64
		{B2C10595-9AA2-4033-9A75-F202B0348755}.Release|x64.Build.0 = Release|x64
		{B2C10595-9AA2-4033-9A75-F202B0348755}.Release|x86.ActiveCfg = Release|Win32
		{B2C10595-9AA2-4033-9A75-F202B0348755}.Release|x86.Build.0 = Release|Win32
		{8B307D3E-C025-45F0-8E3B-8697361EB2FE}.Debug|x64.ActiveCfg = Debug|x64
		{8B307D3E-C025-45F0-8E3B-8697361EB2FE}.Debug|x64.Build.0 = Debug|x64
		{8B307D3E-C025-45F0-8E3B-8697361EB2FE}.Debug|x86.ActiveCfg = Debug|Win32
		{8B307D3E-C025-45F0-8E3B-8697361EB2FE}.Debug|x86.Build.0 = Debug|Win32
		{8B307D3E-C025-45F0-8E3B-8697361EB2FE}.Release|x64.ActiveCfg = Release|x64
		{8B307D3E-C025-45F0-8E3B-8697361EB2FE}.Release|x64.Build.0 = Release|x64
		{8B307D3E-C025-45F0-8E3B-8697361EB2FE}.Release|x86.ActiveCfg = Release|Win32
		{8B307D3E-C025-45F0-8E3B-8697361EB2FE}.Release|x86.Build.0 = Release|Win32
	EndGlobalSection
	GlobalSection(SolutionProperties) = preSolution
		HideSolutionNode = FALSE
	EndGlobalSection
	GlobalSection(NestedProjects) = preSolution
		{910C4829-62CE-4F98-B13F-274223D5FCA8} = {48756675-A7B9-40BF-9559-0B8F8AD66A00}
		{B95547EE-C902-4534-9E80-5A2F952396D5} = {48756675-A7B9-40BF-9559-0B8F8AD66A00}
		{9B8ECA0A-2183-437A-B52F-D7C1F2EF2FDC} = {83BDD5DE-8D5D-41EF-8EA3-D53B66D381D3}
		{6D23E107-803B-47D3-880F-76723F293BA6} = {83BDD5DE-8D5D-41EF-8EA3-D53B66D381D3}
		{060415DB-0374-498A-996A-AA5031A312F4} = {910C4829-62CE-4F98-B13F-274223D5FCA8}
		{0DB46DC3-CA72-4465-A234-3925C676DD4E} = {910C4829-62CE-4F98-B13F-274223D5FCA8}
		{788DD554-9873-4C75-897B-4679A54E026E} = {7F827DAD-ACA3-4563-8CD7-3C7776624282}
		{8312D807-756C-448F-B30B-A872C9DFC9CD} = {788DD554-9873-4C75-897B-4679A54E026E}
		{C23AD02C-8904-480F-9F2E-EE65B2800026} = {788DD554-9873-4C75-897B-4679A54E026E}
		{C9388F34-FACC-4524-98DB-4A7EBFDD3EB2} = {7F827DAD-ACA3-4563-8CD7-3C7776624282}
		{4D79CCD7-C3F2-4334-B91D-58D4E4658B58} = {C9388F34-FACC-4524-98DB-4A7EBFDD3EB2}
		{A1C93D6A-75EF-4703-ACAD-E88613FE60CE} = {C9388F34-FACC-4524-98DB-4A7EBFDD3EB2}
		{D9E0D68C-5E12-4062-BF01-1CE733EC618A} = {C9388F34-FACC-4524-98DB-4A7EBFDD3EB2}
		{B656419E-E744-4F09-8F88-7A99DE7A776A} = {C9388F34-FACC-4524-98DB-4A7EBFDD3EB2}
		{CAD67B69-133C-453E-9CCA-02FE352098C7} = {C9388F34-FACC-4524-98DB-4A7EBFDD3EB2}
		{B6A35C21-CA6C-444D-A813-CBED6F7D64BE} = {7F827DAD-ACA3-4563-8CD7-3C7776624282}
		{72A02BEF-BB41-4008-A92A-B93AADAC311A} = {B6A35C21-CA6C-444D-A813-CBED6F7D64BE}
		{03E9C64B-D7BB-40F9-8552-55FCD86FC4AB} = {B6A35C21-CA6C-444D-A813-CBED6F7D64BE}
		{896E8264-72F7-4A06-A1A7-5653C2EE8BCC} = {B6A35C21-CA6C-444D-A813-CBED6F7D64BE}
		{90A9F2BB-1A31-42E3-8D5E-9EFDC069284A} = {B6A35C21-CA6C-444D-A813-CBED6F7D64BE}
		{AA04F8DF-D161-42F2-A8F5-784EF4A06F2E} = {B6A35C21-CA6C-444D-A813-CBED6F7D64BE}
		{4386C35D-9614-4D5B-8AE7-2F4DE027586B} = {B6A35C21-CA6C-444D-A813-CBED6F7D64BE}
		{8889C275-5D03-4490-919B-6FB2F698EE4B} = {B6A35C21-CA6C-444D-A813-CBED6F7D64BE}
		{4673BABE-DAC2-4922-AD1C-74A8D5B5373D} = {7F827DAD-ACA3-4563-8CD7-3C7776624282}
		{0E45C9B7-FAC6-4AC0-8CA5-C66DA2478E4C} = {4673BABE-DAC2-4922-AD1C-74A8D5B5373D}
		{968C2985-BD87-47CE-B5F9-377EFD940950} = {4673BABE-DAC2-4922-AD1C-74A8D5B5373D}
		{02BA13E4-FB12-4B28-B69A-70A9843B97B5} = {4673BABE-DAC2-4922-AD1C-74A8D5B5373D}
		{1254CFF5-9A41-450A-ACA1-A3FA9CEEA357} = {4673BABE-DAC2-4922-AD1C-74A8D5B5373D}
		{45626C97-6B33-4A3F-8CBB-3A9333270BA9} = {910C4829-62CE-4F98-B13F-274223D5FCA8}
		{3330DD21-C9B1-49DE-BE8C-BBD6DB924AF9} = {910C4829-62CE-4F98-B13F-274223D5FCA8}
		{B2C10595-9AA2-4033-9A75-F202B0348755} = {910C4829-62CE-4F98-B13F-274223D5FCA8}
		{8B307D3E-C025-45F0-8E3B-8697361EB2FE} = {910C4829-62CE-4F98-B13F-274223D5FCA8}
	EndGlobalSection
	GlobalSection(ExtensibilityGlobals) = postSolution
		SolutionGuid = {F0AF29E0-D611-47D9-86D3-65861526514A}
	EndGlobalSection
EndGlobal
